<?xml version="1.0"?>
<CONFIG>
  <ProjectOptions>
    <Version Value="9"/>
    <PathDelim Value="\"/>
    <General>
      <MainUnit Value="0"/>
      <ResourceType Value="res"/>
      <UseXPManifest Value="True"/>
      <Icon Value="0"/>
      <ActiveWindowIndexAtStart Value="0"/>
    </General>
    <i18n>
      <EnableI18N LFM="False"/>
    </i18n>
    <VersionInfo>
      <StringTable ProductVersion=""/>
    </VersionInfo>
    <BuildModes Count="1" Active="Default">
      <Item1 Name="Default" Default="True"/>
    </BuildModes>
    <PublishOptions>
      <Version Value="2"/>
      <IncludeFileFilter Value="*.(pas|pp|inc|lfm|lpr|lrs|lpi|lpk|sh|xml)"/>
      <ExcludeFileFilter Value="*.(bak|ppu|o|so);*~;backup"/>
    </PublishOptions>
    <RunParams>
      <local>
        <FormatVersion Value="1"/>
      </local>
    </RunParams>
    <RequiredPackages Count="4">
      <Item1>
        <PackageName Value="bgrabitmappack"/>
      </Item1>
      <Item2>
        <PackageName Value="etpackage"/>
      </Item2>
      <Item3>
        <PackageName Value="bgracontrols"/>
        <MinVersion Major="1" Release="9" Build="7" Valid="True"/>
      </Item3>
      <Item4>
        <PackageName Value="LCL"/>
      </Item4>
    </RequiredPackages>
    <Units Count="50">
      <Unit0>
        <Filename Value="bgratutorial3d.lpr"/>
        <IsPartOfProject Value="True"/>
        <UnitName Value="bgratutorial3d"/>
        <WindowIndex Value="0"/>
        <TopLine Value="1"/>
        <CursorPos X="43" Y="11"/>
        <UsageCount Value="207"/>
      </Unit0>
      <Unit1>
        <Filename Value="umain.pas"/>
        <IsPartOfProject Value="True"/>
        <ComponentName Value="Form1"/>
        <HasResources Value="True"/>
        <ResourceBaseClass Value="Form"/>
        <UnitName Value="umain"/>
        <IsVisibleTab Value="True"/>
        <EditorIndex Value="0"/>
        <WindowIndex Value="0"/>
        <TopLine Value="1"/>
        <CursorPos X="1" Y="1"/>
        <UsageCount Value="207"/>
        <Loaded Value="True"/>
        <LoadedDesigner Value="True"/>
      </Unit1>
      <Unit2>
        <Filename Value="ubgrasamples.pas"/>
        <IsPartOfProject Value="True"/>
        <UnitName Value="ubgrasamples"/>
        <WindowIndex Value="0"/>
        <TopLine Value="1"/>
        <CursorPos X="20" Y="9"/>
        <UsageCount Value="207"/>
      </Unit2>
      <Unit3>
        <Filename Value="ex1.pas"/>
        <IsPartOfProject Value="True"/>
        <UnitName Value="ex1"/>
        <WindowIndex Value="0"/>
        <TopLine Value="51"/>
        <CursorPos X="60" Y="78"/>
        <UsageCount Value="207"/>
      </Unit3>
      <Unit4>
        <Filename Value="utexture.pas"/>
        <IsPartOfProject Value="True"/>
        <UnitName Value="utexture"/>
        <WindowIndex Value="0"/>
        <TopLine Value="1"/>
        <CursorPos X="1" Y="14"/>
        <UsageCount Value="207"/>
      </Unit4>
      <Unit5>
        <Filename Value="ex2.pas"/>
        <IsPartOfProject Value="True"/>
        <UnitName Value="ex2"/>
        <WindowIndex Value="0"/>
        <TopLine Value="100"/>
        <CursorPos X="1" Y="121"/>
        <UsageCount Value="207"/>
      </Unit5>
      <Unit6>
        <Filename Value="ex3.pas"/>
        <IsPartOfProject Value="True"/>
        <UnitName Value="ex3"/>
        <WindowIndex Value="0"/>
        <TopLine Value="13"/>
        <CursorPos X="12" Y="27"/>
        <UsageCount Value="207"/>
      </Unit6>
      <Unit7>
        <Filename Value="..\bgrabitmap\bgrascene3d.pas"/>
        <UnitName Value="BGRAScene3D"/>
        <WindowIndex Value="0"/>
        <TopLine Value="2894"/>
        <CursorPos X="1" Y="1919"/>
        <UsageCount Value="102"/>
      </Unit7>
      <Unit8>
        <Filename Value="ex4.pas"/>
        <IsPartOfProject Value="True"/>
        <UnitName Value="ex4"/>
        <WindowIndex Value="0"/>
        <TopLine Value="187"/>
        <CursorPos X="39" Y="199"/>
        <UsageCount Value="207"/>
      </Unit8>
      <Unit9>
        <Filename Value="..\bgrabitmap\bgrabitmaptypes.pas"/>
        <UnitName Value="BGRABitmapTypes"/>
        <WindowIndex Value="0"/>
        <TopLine Value="663"/>
        <CursorPos X="10" Y="681"/>
        <UsageCount Value="90"/>
      </Unit9>
      <Unit10>
        <Filename Value="..\bgrabitmap\bgrapolygonaliased.pas"/>
        <UnitName Value="BGRAPolygonAliased"/>
        <WindowIndex Value="0"/>
        <TopLine Value="166"/>
        <CursorPos X="6" Y="171"/>
        <UsageCount Value="64"/>
      </Unit10>
      <Unit11>
        <Filename Value="..\bgrabitmap\perspectivescan.inc"/>
        <WindowIndex Value="0"/>
        <TopLine Value="102"/>
        <CursorPos X="37" Y="121"/>
        <UsageCount Value="76"/>
      </Unit11>
      <Unit12>
        <Filename Value="..\bgrabitmap\bgradefaultbitmap.pas"/>
        <UnitName Value="BGRADefaultBitmap"/>
        <WindowIndex Value="0"/>
        <TopLine Value="3277"/>
        <CursorPos X="1" Y="3300"/>
        <UsageCount Value="42"/>
      </Unit12>
      <Unit13>
        <Filename Value="D:\lazarus\fpc\2.4.2\source\rtl\inc\objpash.inc"/>
        <WindowIndex Value="0"/>
        <TopLine Value="256"/>
        <CursorPos X="8" Y="274"/>
        <UsageCount Value="21"/>
      </Unit13>
      <Unit14>
        <Filename Value="D:\lazarus\fpc\2.4.2\source\rtl\objpas\math.pp"/>
        <UnitName Value="math"/>
        <WindowIndex Value="0"/>
        <TopLine Value="937"/>
        <CursorPos X="6" Y="940"/>
        <UsageCount Value="6"/>
      </Unit14>
      <Unit15>
        <Filename Value="..\bgrabitmap\bgragradients.pas"/>
        <UnitName Value="BGRAGradients"/>
        <WindowIndex Value="0"/>
        <TopLine Value="1"/>
        <CursorPos X="80" Y="12"/>
        <UsageCount Value="34"/>
      </Unit15>
      <Unit16>
        <Filename Value="..\bgrabitmap\bgrasse.pas"/>
        <UnitName Value="BGRASSE"/>
        <WindowIndex Value="0"/>
        <TopLine Value="1"/>
        <CursorPos X="1" Y="1"/>
        <UsageCount Value="104"/>
      </Unit16>
      <Unit17>
        <Filename Value="..\bgrabitmap\bgraphongtypes.pas"/>
        <UnitName Value="BGRAPhongTypes"/>
        <WindowIndex Value="0"/>
        <TopLine Value="1"/>
        <CursorPos X="18" Y="8"/>
        <UsageCount Value="4"/>
      </Unit17>
      <Unit18>
        <Filename Value="D:\lazarus\fpc\2.4.2\source\rtl\i386\mmx.pp"/>
        <UnitName Value="mmx"/>
        <WindowIndex Value="0"/>
        <TopLine Value="45"/>
        <CursorPos X="52" Y="55"/>
        <UsageCount Value="7"/>
      </Unit18>
      <Unit19>
        <Filename Value="..\bgrabitmap\phongdraw.inc"/>
        <WindowIndex Value="0"/>
        <TopLine Value="202"/>
        <CursorPos X="49" Y="229"/>
        <UsageCount Value="44"/>
      </Unit19>
      <Unit20>
        <Filename Value="..\bgrabitmap\perspectivescan2.inc"/>
        <WindowIndex Value="0"/>
        <TopLine Value="115"/>
        <CursorPos X="32" Y="48"/>
        <UsageCount Value="89"/>
      </Unit20>
      <Unit21>
        <Filename Value="..\bgrabitmap\bgrafillinfo.pas"/>
        <UnitName Value="BGRAFillInfo"/>
        <WindowIndex Value="0"/>
        <TopLine Value="1095"/>
        <CursorPos X="58" Y="1097"/>
        <UsageCount Value="17"/>
      </Unit21>
      <Unit22>
        <Filename Value="..\bgrabitmap\shape3D.inc"/>
        <WindowIndex Value="0"/>
        <TopLine Value="1"/>
        <CursorPos X="7" Y="7"/>
        <UsageCount Value="45"/>
      </Unit22>
      <Unit23>
        <Filename Value="..\bgrabitmap\bgrascene3dinterface.inc"/>
        <WindowIndex Value="0"/>
        <TopLine Value="205"/>
        <CursorPos X="37" Y="220"/>
        <UsageCount Value="87"/>
      </Unit23>
      <Unit24>
        <Filename Value="..\bgrabitmap\bgramatrix3d.pas"/>
        <UnitName Value="BGRAMatrix3D"/>
        <WindowIndex Value="0"/>
        <TopLine Value="292"/>
        <CursorPos X="1" Y="313"/>
        <UsageCount Value="50"/>
      </Unit24>
      <Unit25>
        <Filename Value="bgracolorint.pas"/>
        <UnitName Value="BGRAColorInt"/>
        <WindowIndex Value="0"/>
        <TopLine Value="107"/>
        <CursorPos X="1" Y="143"/>
        <UsageCount Value="2"/>
      </Unit25>
      <Unit26>
        <Filename Value="..\bgrabitmap\bgracolorint.pas"/>
        <UnitName Value="BGRAColorInt"/>
        <WindowIndex Value="0"/>
        <TopLine Value="166"/>
        <CursorPos X="34" Y="179"/>
        <UsageCount Value="11"/>
      </Unit26>
      <Unit27>
        <Filename Value="..\bgrabitmap\bgrapolygon.pas"/>
        <UnitName Value="BGRAPolygon"/>
        <WindowIndex Value="0"/>
        <TopLine Value="27"/>
        <CursorPos X="58" Y="34"/>
        <UsageCount Value="19"/>
      </Unit27>
      <Unit28>
        <Filename Value="..\bgrabitmap\csscolorconst.inc"/>
        <WindowIndex Value="0"/>
        <TopLine Value="110"/>
        <CursorPos X="3" Y="128"/>
        <UsageCount Value="19"/>
      </Unit28>
      <Unit29>
        <Filename Value="..\bgrabitmap\bgratransform.pas"/>
        <UnitName Value="BGRATransform"/>
        <WindowIndex Value="0"/>
        <TopLine Value="1"/>
        <CursorPos X="22" Y="10"/>
        <UsageCount Value="11"/>
      </Unit29>
      <Unit30>
        <Filename Value="..\bgrabitmap\bgracanvas.pas"/>
        <UnitName Value="BGRACanvas"/>
        <WindowIndex Value="0"/>
        <TopLine Value="67"/>
        <CursorPos X="22" Y="8"/>
        <UsageCount Value="11"/>
      </Unit30>
      <Unit31>
        <Filename Value="..\bgrabitmap\lightingclasses3d.inc"/>
        <WindowIndex Value="0"/>
        <TopLine Value="55"/>
        <CursorPos X="15" Y="55"/>
        <UsageCount Value="57"/>
      </Unit31>
      <Unit32>
        <Filename Value="..\bgrabitmap\phonglight.inc"/>
        <WindowIndex Value="0"/>
        <TopLine Value="23"/>
        <CursorPos X="46" Y="47"/>
        <UsageCount Value="51"/>
      </Unit32>
      <Unit33>
        <Filename Value="..\bgrabitmap\polyaliaspersp.inc"/>
        <WindowIndex Value="0"/>
        <TopLine Value="1"/>
        <CursorPos X="62" Y="3"/>
        <UsageCount Value="34"/>
      </Unit33>
      <Unit34>
        <Filename Value="D:\lazarus\fpc\2.4.2\source\rtl\i386\cpu.pp"/>
        <UnitName Value="cpu"/>
        <WindowIndex Value="0"/>
        <TopLine Value="2"/>
        <CursorPos X="14" Y="20"/>
        <UsageCount Value="3"/>
      </Unit34>
      <Unit35>
        <Filename Value="..\bgrabitmap\lineartexscan.inc"/>
        <WindowIndex Value="0"/>
        <TopLine Value="1"/>
        <CursorPos X="40" Y="11"/>
        <UsageCount Value="6"/>
      </Unit35>
      <Unit36>
        <Filename Value="..\bgrabitmap\lineartexscan2.inc"/>
        <WindowIndex Value="0"/>
        <TopLine Value="11"/>
        <CursorPos X="36" Y="34"/>
        <UsageCount Value="6"/>
      </Unit36>
      <Unit37>
        <Filename Value="D:\lazarus\fpc\2.4.2\source\rtl\inc\varianth.inc"/>
        <WindowIndex Value="0"/>
        <TopLine Value="485"/>
        <CursorPos X="10" Y="503"/>
        <UsageCount Value="8"/>
      </Unit37>
      <Unit38>
        <Filename Value="..\bgrabitmap\perspectivecolorscan.inc"/>
        <WindowIndex Value="0"/>
        <TopLine Value="14"/>
        <CursorPos X="1" Y="21"/>
        <UsageCount Value="6"/>
      </Unit38>
      <Unit39>
        <Filename Value="..\bgrabitmap\phongdrawsse.inc"/>
        <WindowIndex Value="0"/>
        <TopLine Value="1"/>
        <CursorPos X="1" Y="1"/>
        <UsageCount Value="6"/>
      </Unit39>
      <Unit40>
        <Filename Value="..\bgrabitmap\phonglightsse.inc"/>
        <WindowIndex Value="0"/>
        <TopLine Value="1"/>
        <CursorPos X="1" Y="6"/>
        <UsageCount Value="6"/>
      </Unit40>
      <Unit41>
        <Filename Value="..\bgrabitmap\bgracoordpool3d.pas"/>
        <UnitName Value="BGRACoordPool3D"/>
        <WindowIndex Value="0"/>
        <TopLine Value="1"/>
        <CursorPos X="48" Y="11"/>
        <UsageCount Value="10"/>
      </Unit41>
      <Unit42>
        <Filename Value="ex5.pas"/>
        <IsPartOfProject Value="True"/>
        <UnitName Value="ex5"/>
        <WindowIndex Value="0"/>
        <TopLine Value="26"/>
        <CursorPos X="41" Y="55"/>
        <UsageCount Value="71"/>
      </Unit42>
      <Unit43>
        <Filename Value="..\bgrabitmap\bgraresample.pas"/>
        <UnitName Value="BGRAResample"/>
        <WindowIndex Value="0"/>
        <TopLine Value="14"/>
        <CursorPos X="10" Y="32"/>
        <UsageCount Value="33"/>
      </Unit43>
      <Unit44>
        <Filename Value="..\..\..\lazarussrc\components\lazutils\lazfreetype.pas"/>
        <UnitName Value="LazFreeType"/>
        <WindowIndex Value="0"/>
        <TopLine Value="1282"/>
        <CursorPos X="76" Y="1290"/>
        <UsageCount Value="19"/>
      </Unit44>
      <Unit45>
        <Filename Value="..\..\..\lazarussrc\components\lazutils\tterror.pas"/>
        <UnitName Value="TTError"/>
        <WindowIndex Value="0"/>
        <TopLine Value="1"/>
        <CursorPos X="14" Y="22"/>
        <UsageCount Value="19"/>
      </Unit45>
      <Unit46>
        <Filename Value="..\..\..\lazarussrc\components\lazutils\ttraster.pas"/>
        <UnitName Value="TTRASTER"/>
        <WindowIndex Value="0"/>
        <TopLine Value="42"/>
        <CursorPos X="1" Y="50"/>
        <UsageCount Value="19"/>
      </Unit46>
      <Unit47>
        <Filename Value="..\..\..\lazarussrc\components\lazutils\easylazfreetype.pas"/>
        <UnitName Value="EasyLazFreeType"/>
        <WindowIndex Value="0"/>
        <TopLine Value="150"/>
        <CursorPos X="35" Y="159"/>
        <UsageCount Value="19"/>
      </Unit47>
      <Unit48>
        <Filename Value="..\..\..\lazarussrc\lcl\forms.pp"/>
        <UnitName Value="Forms"/>
        <WindowIndex Value="0"/>
        <TopLine Value="770"/>
        <CursorPos X="14" Y="788"/>
        <UsageCount Value="11"/>
      </Unit48>
      <Unit49>
        <Filename Value="..\..\..\lazarussrc\lcl\controls.pp"/>
        <UnitName Value="Controls"/>
        <WindowIndex Value="0"/>
        <TopLine Value="1383"/>
        <CursorPos X="14" Y="1401"/>
        <UsageCount Value="11"/>
      </Unit49>
    </Units>
    <JumpHistory Count="1" HistoryIndex="0">
      <Position1>
        <Filename Value="umain.pas"/>
        <Caret Line="127" Column="77" TopLine="122"/>
      </Position1>
    </JumpHistory>
  </ProjectOptions>
  <CompilerOptions>
    <Version Value="11"/>
    <PathDelim Value="\"/>
    <SearchPaths>
      <IncludeFiles Value="$(ProjOutDir)"/>
      <UnitOutputDirectory Value="lib\$(TargetCPU)-$(TargetOS)"/>
    </SearchPaths>
    <CodeGeneration>
      <Optimizations>
        <VariablesInRegisters Value="True"/>
      </Optimizations>
    </CodeGeneration>
    <Linking>
      <Debugging>
        <DebugInfoType Value="dsStabs"/>
      </Debugging>
      <Options>
        <Win32>
          <GraphicApplication Value="True"/>
        </Win32>
      </Options>
    </Linking>
    <Other>
      <CompilerMessages>
        <UseMsgFile Value="True"/>
      </CompilerMessages>
      <CompilerPath Value="$(CompPath)"/>
    </Other>
  </CompilerOptions>
  <Debugging>
    <Exceptions Count="3">
      <Item1>
        <Name Value="EAbort"/>
      </Item1>
      <Item2>
        <Name Value="ECodetoolError"/>
      </Item2>
      <Item3>
        <Name Value="EFOpenError"/>
      </Item3>
    </Exceptions>
  </Debugging>
</CONFIG>
