<?xml version="1.0" encoding="UTF-8"?>
<CONFIG>
  <ProjectOptions>
    <Version Value="9"/>
    <PathDelim Value="\"/>
    <General>
      <MainUnit Value="0"/>
      <Title Value="testbgrafunc"/>
      <UseXPManifest Value="True"/>
      <Icon Value="0"/>
    </General>
    <VersionInfo>
      <Language Value=""/>
      <CharSet Value=""/>
    </VersionInfo>
    <BuildModes Count="1">
      <Item1 Name="default" Default="True"/>
    </BuildModes>
    <PublishOptions>
      <Version Value="2"/>
      <IgnoreBinaries Value="False"/>
      <IncludeFileFilter Value="*.(pas|pp|inc|lfm|lpr|lrs|lpi|lpk|sh|xml)"/>
      <ExcludeFileFilter Value="*.(bak|ppu|ppw|o|so);*~;backup"/>
    </PublishOptions>
    <RunParams>
      <local>
        <FormatVersion Value="1"/>
        <LaunchingApplication PathPlusParams="/usr/X11R6/bin/xterm -T 'Lazarus Run Output' -e $(LazarusDir)/tools/runwait.sh $(TargetCmdLine)"/>
      </local>
    </RunParams>
    <RequiredPackages Count="3">
      <Item1>
        <PackageName Value="bgrabitmappack"/>
      </Item1>
      <Item2>
        <PackageName Value="etpackage"/>
      </Item2>
      <Item3>
        <PackageName Value="LCL"/>
      </Item3>
    </RequiredPackages>
    <Units Count="123">
      <Unit0>
        <Filename Value="testbgrafunc.lpr"/>
        <IsPartOfProject Value="True"/>
        <EditorIndex Value="-1"/>
        <CursorPos X="10" Y="14"/>
        <UsageCount Value="200"/>
      </Unit0>
      <Unit1>
        <Filename Value="umain.pas"/>
        <IsPartOfProject Value="True"/>
        <ComponentName Value="FMain"/>
        <HasResources Value="True"/>
        <ResourceBaseClass Value="Form"/>
        <UnitName Value="umain"/>
        <IsVisibleTab Value="True"/>
        <TopLine Value="97"/>
        <CursorPos X="39" Y="98"/>
        <UsageCount Value="200"/>
        <Loaded Value="True"/>
      </Unit1>
      <Unit2>
        <Filename Value="utestpacrect.pas"/>
        <IsPartOfProject Value="True"/>
        <UsageCount Value="200"/>
      </Unit2>
      <Unit3>
        <Filename Value="utest.pas"/>
        <IsPartOfProject Value="True"/>
        <UsageCount Value="200"/>
      </Unit3>
      <Unit4>
        <Filename Value="utest1.pas"/>
        <IsPartOfProject Value="True"/>
        <CursorPos X="45" Y="2"/>
        <UsageCount Value="200"/>
      </Unit4>
      <Unit5>
        <Filename Value="utest2.pas"/>
        <IsPartOfProject Value="True"/>
        <UsageCount Value="200"/>
      </Unit5>
      <Unit6>
        <Filename Value="utest3.pas"/>
        <IsPartOfProject Value="True"/>
        <UsageCount Value="200"/>
      </Unit6>
      <Unit7>
        <Filename Value="utest4.pas"/>
        <IsPartOfProject Value="True"/>
        <UsageCount Value="200"/>
      </Unit7>
      <Unit8>
        <Filename Value="utest5.pas"/>
        <IsPartOfProject Value="True"/>
        <TopLine Value="16"/>
        <CursorPos Y="50"/>
        <UsageCount Value="200"/>
      </Unit8>
      <Unit9>
        <Filename Value="utest6.pas"/>
        <IsPartOfProject Value="True"/>
        <TopLine Value="13"/>
        <CursorPos X="47" Y="37"/>
        <UsageCount Value="200"/>
      </Unit9>
      <Unit10>
        <Filename Value="utest7.pas"/>
        <IsPartOfProject Value="True"/>
        <TopLine Value="53"/>
        <CursorPos X="44" Y="63"/>
        <UsageCount Value="200"/>
      </Unit10>
      <Unit11>
        <Filename Value="utest8.pas"/>
        <IsPartOfProject Value="True"/>
        <UnitName Value="utest8"/>
        <EditorIndex Value="-1"/>
        <TopLine Value="65"/>
        <CursorPos X="49" Y="81"/>
        <UsageCount Value="200"/>
      </Unit11>
      <Unit12>
        <Filename Value="utest9.pas"/>
        <IsPartOfProject Value="True"/>
        <TopLine Value="50"/>
        <CursorPos Y="70"/>
        <UsageCount Value="200"/>
      </Unit12>
      <Unit13>
        <Filename Value="utestback.pas"/>
        <IsPartOfProject Value="True"/>
        <CursorPos X="3" Y="13"/>
        <UsageCount Value="200"/>
      </Unit13>
      <Unit14>
        <Filename Value="..\testbgrafuncold\umain.pas"/>
        <ComponentName Value="FMain"/>
        <HasResources Value="True"/>
        <ResourceBaseClass Value="Form"/>
        <TopLine Value="7"/>
        <CursorPos Y="98"/>
        <UsageCount Value="7"/>
      </Unit14>
      <Unit15>
        <Filename Value="utest10.pas"/>
        <IsPartOfProject Value="True"/>
        <TopLine Value="19"/>
        <CursorPos X="55" Y="36"/>
        <UsageCount Value="200"/>
      </Unit15>
      <Unit16>
        <Filename Value="..\bgrabitmap\bgrafilters.pas"/>
        <CursorPos X="61" Y="4"/>
        <UsageCount Value="29"/>
      </Unit16>
      <Unit17>
        <Filename Value="utest11.pas"/>
        <IsPartOfProject Value="True"/>
        <TopLine Value="59"/>
        <CursorPos X="32" Y="63"/>
        <UsageCount Value="200"/>
      </Unit17>
      <Unit18>
        <Filename Value="utest14.pas"/>
        <IsPartOfProject Value="True"/>
        <TopLine Value="18"/>
        <CursorPos X="6" Y="30"/>
        <UsageCount Value="200"/>
      </Unit18>
      <Unit19>
        <Filename Value="utest15.pas"/>
        <IsPartOfProject Value="True"/>
        <TopLine Value="72"/>
        <CursorPos X="90" Y="83"/>
        <UsageCount Value="200"/>
      </Unit19>
      <Unit20>
        <Filename Value="utest16.pas"/>
        <IsPartOfProject Value="True"/>
        <TopLine Value="60"/>
        <CursorPos X="94" Y="136"/>
        <UsageCount Value="200"/>
      </Unit20>
      <Unit21>
        <Filename Value="D:\lazarus\fpc\2.2.4\source\rtl\objpas\sysutils\datih.inc"/>
        <TopLine Value="101"/>
        <CursorPos X="10" Y="119"/>
        <UsageCount Value="9"/>
      </Unit21>
      <Unit22>
        <Filename Value="..\bgrabitmap\bgragradients.pas"/>
        <CursorPos X="78" Y="10"/>
        <UsageCount Value="45"/>
      </Unit22>
      <Unit23>
        <Filename Value="..\bgrabitmap\bgraanimatedgif.pas"/>
        <TopLine Value="110"/>
        <CursorPos X="32" Y="122"/>
        <UsageCount Value="28"/>
      </Unit23>
      <Unit24>
        <Filename Value="..\bgrabitmap\bgradefaultbitmap.pas"/>
        <UnitName Value="BGRADefaultBitmap"/>
        <EditorIndex Value="-1"/>
        <TopLine Value="3997"/>
        <CursorPos X="42" Y="4002"/>
        <UsageCount Value="84"/>
      </Unit24>
      <Unit25>
        <Filename Value="..\bgrabitmap\bgrapolygon.pas"/>
        <TopLine Value="166"/>
        <CursorPos X="27" Y="177"/>
        <ExtraEditorCount Value="1"/>
        <ExtraEditor1>
          <TopLine Value="790"/>
          <CursorPos X="69" Y="800"/>
        </ExtraEditor1>
        <UsageCount Value="65"/>
      </Unit25>
      <Unit26>
        <Filename Value="..\bgrabitmap\bgrabitmaptypes.pas"/>
        <UnitName Value="BGRABitmapTypes"/>
        <EditorIndex Value="-1"/>
        <TopLine Value="962"/>
        <CursorPos Y="990"/>
        <UsageCount Value="77"/>
      </Unit26>
      <Unit27>
        <Filename Value="..\bgrabitmap\bgrablend.pas"/>
        <UnitName Value="BGRABlend"/>
        <EditorIndex Value="-1"/>
        <TopLine Value="385"/>
        <CursorPos Y="404"/>
        <UsageCount Value="71"/>
      </Unit27>
      <Unit28>
        <Filename Value="..\bgrabitmap\bgraresample.pas"/>
        <TopLine Value="1295"/>
        <CursorPos X="3" Y="1325"/>
        <UsageCount Value="56"/>
      </Unit28>
      <Unit29>
        <Filename Value="..\bgrabitmap\bgrapaintnet.pas"/>
        <TopLine Value="160"/>
        <CursorPos X="29" Y="167"/>
        <UsageCount Value="11"/>
      </Unit29>
      <Unit30>
        <Filename Value="..\bgrabitmap\bgradnetdeserial.pas"/>
        <CursorPos X="25" Y="5"/>
        <UsageCount Value="11"/>
      </Unit30>
      <Unit31>
        <Filename Value="utest17.pas"/>
        <IsPartOfProject Value="True"/>
        <TopLine Value="76"/>
        <CursorPos X="36" Y="53"/>
        <UsageCount Value="200"/>
      </Unit31>
      <Unit32>
        <Filename Value="D:\lazarus\lcl\graphics.pp"/>
        <TopLine Value="43"/>
        <CursorPos X="42" Y="61"/>
        <UsageCount Value="26"/>
      </Unit32>
      <Unit33>
        <Filename Value="D:\lazarus\fpc\2.2.4\source\packages\fcl-image\src\fpcanvas.pp"/>
        <TopLine Value="105"/>
        <CursorPos X="65" Y="105"/>
        <UsageCount Value="9"/>
      </Unit33>
      <Unit34>
        <Filename Value="..\bgrabitmap\bgrapen.pas"/>
        <CursorPos X="85" Y="3"/>
        <UsageCount Value="33"/>
      </Unit34>
      <Unit35>
        <Filename Value="D:\lazarus\fpc\2.2.4\source\packages\fcl-image\src\fpimage.pp"/>
        <TopLine Value="19"/>
        <UsageCount Value="9"/>
      </Unit35>
      <Unit36>
        <Filename Value="D:\lazarus\lcl\graphtype.pp"/>
        <TopLine Value="77"/>
        <CursorPos X="3" Y="95"/>
        <UsageCount Value="9"/>
      </Unit36>
      <Unit37>
        <Filename Value="D:\lazarus\fpc\2.4.2\source\rtl\inc\objpash.inc"/>
        <TopLine Value="176"/>
        <CursorPos X="31" Y="192"/>
        <UsageCount Value="9"/>
      </Unit37>
      <Unit38>
        <Filename Value="D:\lazarus\fpc\2.4.2\source\rtl\inc\objpas.inc"/>
        <TopLine Value="782"/>
        <CursorPos Y="788"/>
        <UsageCount Value="9"/>
      </Unit38>
      <Unit39>
        <Filename Value="D:\lazarus\fpc\2.4.2\source\packages\fcl-image\src\fpimage.pp"/>
        <TopLine Value="227"/>
        <CursorPos X="17" Y="245"/>
        <UsageCount Value="9"/>
      </Unit39>
      <Unit40>
        <Filename Value="D:\lazarus\fpc\2.4.2\source\rtl\objpas\classes\classesh.inc"/>
        <TopLine Value="15"/>
        <CursorPos X="18" Y="33"/>
        <UsageCount Value="9"/>
      </Unit40>
      <Unit41>
        <Filename Value="D:\lazarus\fpc\2.4.2\source\rtl\i386\i386.inc"/>
        <TopLine Value="1254"/>
        <CursorPos X="10" Y="1272"/>
        <UsageCount Value="9"/>
      </Unit41>
      <Unit42>
        <Filename Value="..\bgrabitmap\bgrawinbitmap.pas"/>
        <EditorIndex Value="-1"/>
        <TopLine Value="102"/>
        <CursorPos Y="122"/>
        <UsageCount Value="17"/>
      </Unit42>
      <Unit43>
        <Filename Value="D:\lazarus\fpc\2.4.2\source\rtl\win\wininc\struct.inc"/>
        <TopLine Value="215"/>
        <CursorPos X="6" Y="233"/>
        <UsageCount Value="9"/>
      </Unit43>
      <Unit44>
        <Filename Value="D:\lazarus\fpc\2.4.2\source\rtl\objpas\types.pp"/>
        <TopLine Value="80"/>
        <CursorPos X="3" Y="98"/>
        <UsageCount Value="9"/>
      </Unit44>
      <Unit45>
        <Filename Value="..\bgrabitmap\bgrabitmap.pas"/>
        <TopLine Value="39"/>
        <CursorPos X="9" Y="44"/>
        <UsageCount Value="32"/>
      </Unit45>
      <Unit46>
        <Filename Value="..\bgrabitmap\bgracompressablebitmap.pas"/>
        <TopLine Value="13"/>
        <CursorPos X="107" Y="16"/>
        <UsageCount Value="24"/>
      </Unit46>
      <Unit47>
        <Filename Value="D:\lazarus\fpc\2.4.2\source\packages\fcl-image\src\fpreadpcx.pas"/>
        <TopLine Value="29"/>
        <CursorPos Y="46"/>
        <UsageCount Value="7"/>
      </Unit47>
      <Unit48>
        <Filename Value="D:\lazarus\fpc\2.4.2\source\packages\fcl-image\src\fpwritepcx.pas"/>
        <TopLine Value="12"/>
        <CursorPos X="3" Y="30"/>
        <UsageCount Value="7"/>
      </Unit48>
      <Unit49>
        <Filename Value="D:\lazarus\fpc\2.4.2\source\packages\fcl-image\src\fpreadxpm.pp"/>
        <TopLine Value="5"/>
        <CursorPos X="23" Y="33"/>
        <UsageCount Value="7"/>
      </Unit49>
      <Unit50>
        <Filename Value="utest18.pas"/>
        <IsPartOfProject Value="True"/>
        <TopLine Value="16"/>
        <CursorPos X="71" Y="114"/>
        <UsageCount Value="197"/>
      </Unit50>
      <Unit51>
        <Filename Value="..\bgrabitmap\bgratransform.pas"/>
        <UnitName Value="BGRATransform"/>
        <EditorIndex Value="-1"/>
        <TopLine Value="1273"/>
        <CursorPos Y="1298"/>
        <UsageCount Value="36"/>
      </Unit51>
      <Unit52>
        <Filename Value="utest19.pas"/>
        <IsPartOfProject Value="True"/>
        <TopLine Value="98"/>
        <CursorPos X="27" Y="123"/>
        <UsageCount Value="189"/>
      </Unit52>
      <Unit53>
        <Filename Value="ucalc3d.pas"/>
        <CursorPos X="25" Y="295"/>
        <UsageCount Value="127"/>
      </Unit53>
      <Unit54>
        <Filename Value="..\bgrabitmap\bgragradientscanner.pas"/>
        <EditorIndex Value="-1"/>
        <UsageCount Value="44"/>
      </Unit54>
      <Unit55>
        <Filename Value="D:\lazarus\fpc\2.4.2\source\packages\fcl-image\src\fpimgcanv.pp"/>
        <TopLine Value="13"/>
        <CursorPos X="35" Y="23"/>
        <UsageCount Value="27"/>
      </Unit55>
      <Unit56>
        <Filename Value="D:\lazarus\fpc\2.4.2\source\packages\fcl-image\src\fppixlcanv.pp"/>
        <TopLine Value="25"/>
        <CursorPos X="32" Y="31"/>
        <UsageCount Value="27"/>
      </Unit56>
      <Unit57>
        <Filename Value="D:\lazarus\fpc\2.4.2\source\packages\fcl-image\src\fpcanvas.pp"/>
        <TopLine Value="162"/>
        <CursorPos X="19" Y="186"/>
        <UsageCount Value="27"/>
      </Unit57>
      <Unit58>
        <Filename Value="D:\lazarus\fpc\2.4.2\source\packages\fcl-image\src\fpinterpolation.inc"/>
        <CursorPos X="59" Y="8"/>
        <UsageCount Value="27"/>
      </Unit58>
      <Unit59>
        <Filename Value="D:\lazarus\fpc\2.4.2\source\rtl\objpas\math.pp"/>
        <TopLine Value="308"/>
        <CursorPos X="10" Y="326"/>
        <UsageCount Value="21"/>
      </Unit59>
      <Unit60>
        <Filename Value="utest22.pas"/>
        <IsPartOfProject Value="True"/>
        <TopLine Value="16"/>
        <CursorPos X="30" Y="42"/>
        <UsageCount Value="165"/>
      </Unit60>
      <Unit61>
        <Filename Value="utest23.pas"/>
        <IsPartOfProject Value="True"/>
        <TopLine Value="58"/>
        <CursorPos X="27" Y="82"/>
        <UsageCount Value="158"/>
      </Unit61>
      <Unit62>
        <Filename Value="utest24.pas"/>
        <IsPartOfProject Value="True"/>
        <TopLine Value="62"/>
        <CursorPos X="27" Y="86"/>
        <UsageCount Value="158"/>
      </Unit62>
      <Unit63>
        <Filename Value="utexture.pas"/>
        <IsPartOfProject Value="True"/>
        <EditorIndex Value="-1"/>
        <UsageCount Value="158"/>
      </Unit63>
      <Unit64>
        <Filename Value="..\bgrabitmap\bgrapolygonaliased.pas"/>
        <TopLine Value="327"/>
        <CursorPos X="33" Y="335"/>
        <ExtraEditorCount Value="1"/>
        <ExtraEditor1>
          <CursorPos X="77" Y="16"/>
        </ExtraEditor1>
        <UsageCount Value="29"/>
      </Unit64>
      <Unit65>
        <Filename Value="utest25.pas"/>
        <IsPartOfProject Value="True"/>
        <CursorPos X="48" Y="106"/>
        <UsageCount Value="129"/>
      </Unit65>
      <Unit66>
        <Filename Value="..\bgrabitmap\bgracanvas.pas"/>
        <TopLine Value="261"/>
        <CursorPos X="29" Y="279"/>
        <UsageCount Value="16"/>
      </Unit66>
      <Unit67>
        <Filename Value="D:\lazarus\fpc\2.4.2\source\rtl\objpas\sysutils\sysstrh.inc"/>
        <TopLine Value="66"/>
        <CursorPos X="10" Y="84"/>
        <UsageCount Value="3"/>
      </Unit67>
      <Unit68>
        <Filename Value="D:\lazarus\fpc\2.4.2\source\rtl\objpas\sysutils\sysstr.inc"/>
        <TopLine Value="167"/>
        <CursorPos X="3" Y="183"/>
        <UsageCount Value="3"/>
      </Unit68>
      <Unit69>
        <Filename Value="..\bgrabitmap\phongdraw.inc"/>
        <TopLine Value="90"/>
        <CursorPos Y="195"/>
        <UsageCount Value="20"/>
      </Unit69>
      <Unit70>
        <Filename Value="utest26.pas"/>
        <IsPartOfProject Value="True"/>
        <TopLine Value="7"/>
        <CursorPos Y="18"/>
        <UsageCount Value="112"/>
      </Unit70>
      <Unit71>
        <Filename Value="..\bgrabitmap\filldensity256.inc"/>
        <UsageCount Value="11"/>
      </Unit71>
      <Unit72>
        <Filename Value="..\bgrabitmap\perspectivescan.inc"/>
        <TopLine Value="106"/>
        <CursorPos X="3" Y="127"/>
        <UsageCount Value="8"/>
      </Unit72>
      <Unit73>
        <Filename Value="..\bgrabitmap\lineartexscan.inc"/>
        <CursorPos X="65" Y="3"/>
        <UsageCount Value="7"/>
      </Unit73>
      <Unit74>
        <Filename Value="D:\lazarus\fpc\2.4.2\source\rtl\i386\mmx.pp"/>
        <TopLine Value="33"/>
        <CursorPos X="18" Y="43"/>
        <UsageCount Value="13"/>
      </Unit74>
      <Unit75>
        <Filename Value="..\bgrabitmap\bgrafillinfo.pas"/>
        <TopLine Value="214"/>
        <CursorPos X="59" Y="227"/>
        <UsageCount Value="10"/>
      </Unit75>
      <Unit76>
        <Filename Value="..\bgrabitmap\filldensitysegment256.inc"/>
        <CursorPos X="50" Y="15"/>
        <UsageCount Value="9"/>
      </Unit76>
      <Unit77>
        <Filename Value="..\bgrabitmap\renderdensity256.inc"/>
        <TopLine Value="26"/>
        <CursorPos Y="62"/>
        <UsageCount Value="8"/>
      </Unit77>
      <Unit78>
        <Filename Value="..\bgrabitmap\multishapeline.inc"/>
        <TopLine Value="24"/>
        <CursorPos X="18" Y="43"/>
        <UsageCount Value="7"/>
      </Unit78>
      <Unit79>
        <Filename Value="C:\Users\ELSASS\Downloads\uEControls_v5.10\uEControls_v5.10\uerotimage.pas"/>
        <UsageCount Value="7"/>
      </Unit79>
      <Unit80>
        <Filename Value="ucube3d.pas"/>
        <IsPartOfProject Value="True"/>
        <TopLine Value="23"/>
        <CursorPos X="16" Y="41"/>
        <UsageCount Value="79"/>
      </Unit80>
      <Unit81>
        <Filename Value="..\bgrabitmap\bgrascene3d.pas"/>
        <TopLine Value="2510"/>
        <CursorPos X="42" Y="2571"/>
        <UsageCount Value="12"/>
      </Unit81>
      <Unit82>
        <Filename Value="utest27.pas"/>
        <IsPartOfProject Value="True"/>
        <TopLine Value="24"/>
        <CursorPos X="26" Y="42"/>
        <UsageCount Value="78"/>
      </Unit82>
      <Unit83>
        <Filename Value="utore3d.pas"/>
        <IsPartOfProject Value="True"/>
        <TopLine Value="84"/>
        <CursorPos X="12" Y="91"/>
        <UsageCount Value="78"/>
      </Unit83>
      <Unit84>
        <Filename Value="utest31.pas"/>
        <IsPartOfProject Value="True"/>
        <EditorIndex Value="-1"/>
        <TopLine Value="58"/>
        <CursorPos X="31" Y="73"/>
        <UsageCount Value="74"/>
      </Unit84>
      <Unit85>
        <Filename Value="..\bgrabitmap\bgratextfx.pas"/>
        <TopLine Value="579"/>
        <CursorPos X="25" Y="589"/>
        <UsageCount Value="13"/>
      </Unit85>
      <Unit86>
        <Filename Value="..\bgrabitmap\bgraphongtypes.pas"/>
        <CursorPos X="14" Y="26"/>
        <UsageCount Value="9"/>
      </Unit86>
      <Unit87>
        <Filename Value="..\bgrabitmap\bgratext.pas"/>
        <TopLine Value="75"/>
        <CursorPos X="32" Y="98"/>
        <UsageCount Value="12"/>
      </Unit87>
      <Unit88>
        <Filename Value="..\bgrabitmap\bgracanvas2d.pas"/>
        <EditorIndex Value="-1"/>
        <TopLine Value="1365"/>
        <CursorPos X="17" Y="1369"/>
        <UsageCount Value="13"/>
      </Unit88>
      <Unit89>
        <Filename Value="..\bgrabitmap\bgrasse.pas"/>
        <TopLine Value="440"/>
        <CursorPos X="38" Y="520"/>
        <UsageCount Value="8"/>
      </Unit89>
      <Unit90>
        <Filename Value="..\bgrabitmap\lightingclasses3d.inc"/>
        <TopLine Value="534"/>
        <CursorPos X="12" Y="555"/>
        <UsageCount Value="9"/>
      </Unit90>
      <Unit91>
        <Filename Value="..\bgrabitmap\phonglight.inc"/>
        <TopLine Value="19"/>
        <CursorPos X="63" Y="26"/>
        <UsageCount Value="9"/>
      </Unit91>
      <Unit92>
        <Filename Value="..\bgrabitmap\phongdrawsse.inc"/>
        <CursorPos X="58" Y="8"/>
        <UsageCount Value="8"/>
      </Unit92>
      <Unit93>
        <Filename Value="..\bgrabitmap\bgrabitmappack.pas"/>
        <TopLine Value="6"/>
        <CursorPos X="18" Y="14"/>
        <UsageCount Value="8"/>
      </Unit93>
      <Unit94>
        <Filename Value="..\bgrabitmap\bgragrayscalemask.pas"/>
        <CursorPos X="3" Y="13"/>
        <UsageCount Value="10"/>
      </Unit94>
      <Unit95>
        <Filename Value="..\bgrabitmap\bgrautf8.pas"/>
        <UsageCount Value="12"/>
      </Unit95>
      <Unit96>
        <Filename Value="C:\lazarus\lcl\graphics.pp"/>
        <TopLine Value="154"/>
        <CursorPos Y="174"/>
        <UsageCount Value="13"/>
      </Unit96>
      <Unit97>
        <Filename Value="C:\lazarus\lcl\graphtype.pp"/>
        <TopLine Value="21"/>
        <CursorPos Y="44"/>
        <UsageCount Value="9"/>
      </Unit97>
      <Unit98>
        <Filename Value="..\bgrabitmap\bgralclbitmap.pas"/>
        <TopLine Value="575"/>
        <CursorPos X="60" Y="578"/>
        <UsageCount Value="13"/>
      </Unit98>
      <Unit99>
        <Filename Value="..\bgrabitmap\bgraqtbitmap.pas"/>
        <TopLine Value="27"/>
        <CursorPos X="46" Y="37"/>
        <UsageCount Value="13"/>
      </Unit99>
      <Unit100>
        <Filename Value="..\bgrabitmap\bgragtkbitmap.pas"/>
        <UsageCount Value="13"/>
      </Unit100>
      <Unit101>
        <Filename Value="..\bgrabitmap\bgratypewriter.pas"/>
        <EditorIndex Value="-1"/>
        <UsageCount Value="19"/>
      </Unit101>
      <Unit102>
        <Filename Value="C:\lazarus\fpc\2.6.2\source\rtl\win\wininc\base.inc"/>
        <TopLine Value="92"/>
        <CursorPos X="6" Y="104"/>
        <UsageCount Value="12"/>
      </Unit102>
      <Unit103>
        <Filename Value="C:\lazarus\components\lazutils\lazutf8.pas"/>
        <TopLine Value="367"/>
        <CursorPos Y="401"/>
        <UsageCount Value="11"/>
      </Unit103>
      <Unit104>
        <Filename Value="C:\lazarus\lcl\lclproc.pas"/>
        <TopLine Value="2630"/>
        <CursorPos X="10" Y="2639"/>
        <UsageCount Value="11"/>
      </Unit104>
      <Unit105>
        <Filename Value="C:\lazarus\fpc\2.6.2\source\rtl\inc\wstringh.inc"/>
        <TopLine Value="10"/>
        <CursorPos X="10" Y="41"/>
        <UsageCount Value="11"/>
      </Unit105>
      <Unit106>
        <Filename Value="C:\lazarus\fpc\2.6.2\source\rtl\inc\wstrings.inc"/>
        <TopLine Value="1233"/>
        <CursorPos X="5" Y="1239"/>
        <UsageCount Value="11"/>
      </Unit106>
      <Unit107>
        <Filename Value="..\bgrabitmap\bgrafreetype.pas"/>
        <TopLine Value="13"/>
        <CursorPos X="33" Y="37"/>
        <UsageCount Value="11"/>
      </Unit107>
      <Unit108>
        <Filename Value="C:\lazarus\fpc\2.6.2\source\rtl\objpas\types.pp"/>
        <TopLine Value="79"/>
        <CursorPos X="3" Y="98"/>
        <UsageCount Value="11"/>
      </Unit108>
      <Unit109>
        <Filename Value="..\bgrabitmap\bgracustomtextfx.pas"/>
        <CursorPos X="86" Y="6"/>
        <UsageCount Value="11"/>
      </Unit109>
      <Unit110>
        <Filename Value="..\bgrabitmap\bgragraphics.pas"/>
        <CursorPos X="34" Y="8"/>
        <UsageCount Value="9"/>
      </Unit110>
      <Unit111>
        <Filename Value="..\bgrabitmap\bgrareadico.pas"/>
        <TopLine Value="53"/>
        <CursorPos X="53" Y="66"/>
        <UsageCount Value="9"/>
      </Unit111>
      <Unit112>
        <Filename Value="utest32.pas"/>
        <IsPartOfProject Value="True"/>
        <EditorIndex Value="-1"/>
        <TopLine Value="99"/>
        <CursorPos Y="124"/>
        <UsageCount Value="32"/>
      </Unit112>
      <Unit113>
        <Filename Value="..\bgrabitmap\bgracustombitmap.inc"/>
        <EditorIndex Value="-1"/>
        <TopLine Value="9"/>
        <CursorPos X="14" Y="23"/>
        <UsageCount Value="15"/>
      </Unit113>
      <Unit114>
        <Filename Value="..\bgrabitmap\bgrapath.pas"/>
        <EditorIndex Value="-1"/>
        <TopLine Value="138"/>
        <CursorPos Y="155"/>
        <UsageCount Value="15"/>
      </Unit114>
      <Unit115>
        <Filename Value="..\bgrabitmap\geometrytypes.inc"/>
        <EditorIndex Value="-1"/>
        <TopLine Value="239"/>
        <CursorPos X="50" Y="261"/>
        <UsageCount Value="15"/>
      </Unit115>
      <Unit116>
        <Filename Value="C:\lazarus\lcl\interfaces\win32\win32callback.inc"/>
        <EditorIndex Value="-1"/>
        <TopLine Value="2710"/>
        <CursorPos X="33" Y="2722"/>
        <UsageCount Value="14"/>
      </Unit116>
      <Unit117>
        <Filename Value="C:\lazarus\lcl\customtimer.pas"/>
        <EditorIndex Value="-1"/>
        <TopLine Value="161"/>
        <CursorPos Y="181"/>
        <UsageCount Value="14"/>
      </Unit117>
      <Unit118>
        <Filename Value="C:\lazarus\components\lazutils\easylazfreetype.pas"/>
        <EditorIndex Value="-1"/>
        <CursorPos Y="3"/>
        <UsageCount Value="13"/>
      </Unit118>
      <Unit119>
        <Filename Value="utest33.pas"/>
        <IsPartOfProject Value="True"/>
        <EditorIndex Value="-1"/>
        <TopLine Value="41"/>
        <CursorPos X="73" Y="50"/>
        <UsageCount Value="25"/>
      </Unit119>
      <Unit120>
        <Filename Value="..\bgrabitmap\bgrapixel.inc"/>
        <EditorIndex Value="-1"/>
        <TopLine Value="29"/>
        <CursorPos X="12" Y="34"/>
        <UsageCount Value="10"/>
      </Unit120>
      <Unit121>
        <Filename Value="C:\lazarus\fpc\2.6.4\source\packages\fcl-image\src\fpimage.pp"/>
        <EditorIndex Value="-1"/>
        <TopLine Value="121"/>
        <CursorPos X="17" Y="137"/>
        <UsageCount Value="10"/>
      </Unit121>
      <Unit122>
        <Filename Value="..\bgrabitmap\perspectivescan2.inc"/>
        <EditorIndex Value="-1"/>
        <TopLine Value="111"/>
        <CursorPos X="102" Y="126"/>
        <UsageCount Value="10"/>
      </Unit122>
    </Units>
    <JumpHistory Count="1">
      <Position1>
        <Filename Value="umain.pas"/>
        <Caret Line="25" Column="46" TopLine="20"/>
      </Position1>
    </JumpHistory>
  </ProjectOptions>
  <CompilerOptions>
    <Version Value="11"/>
    <PathDelim Value="\"/>
    <SearchPaths>
      <IncludeFiles Value="$(ProjOutDir)"/>
      <UnitOutputDirectory Value="lib"/>
    </SearchPaths>
    <Parsing>
      <SyntaxOptions>
        <UseAnsiStrings Value="False"/>
      </SyntaxOptions>
    </Parsing>
    <Linking>
      <Options>
        <Win32>
          <GraphicApplication Value="True"/>
        </Win32>
      </Options>
    </Linking>
  </CompilerOptions>
  <Debugging>
    <Exceptions Count="3">
      <Item1>
        <Name Value="EAbort"/>
      </Item1>
      <Item2>
        <Name Value="ECodetoolError"/>
      </Item2>
      <Item3>
        <Name Value="EFOpenError"/>
      </Item3>
    </Exceptions>
  </Debugging>
</CONFIG>
