<?xml version="1.0" encoding="UTF-8"?>
<CONFIG>
  <ProjectOptions>
    <Version Value="10"/>
    <PathDelim Value="\"/>
    <General>
      <MainUnit Value="0"/>
      <ResourceType Value="res"/>
      <UseXPManifest Value="True"/>
      <Icon Value="0"/>
    </General>
    <i18n>
      <EnableI18N LFM="False"/>
    </i18n>
    <BuildModes Count="1" Active="Default">
      <Item1 Name="Default" Default="True"/>
    </BuildModes>
    <PublishOptions>
      <Version Value="2"/>
      <IncludeFileFilter Value="*.(pas|pp|inc|lfm|lpr|lrs|lpi|lpk|sh|xml)"/>
      <ExcludeFileFilter Value="*.(bak|ppu|o|so);*~;backup"/>
    </PublishOptions>
    <RunParams>
      <local>
        <FormatVersion Value="1"/>
      </local>
    </RunParams>
    <RequiredPackages Count="2">
      <Item1>
        <PackageName Value="LazPaintEmbeddedPack"/>
        <MinVersion Major="4" Minor="1" Valid="True"/>
      </Item1>
      <Item2>
        <PackageName Value="LCL"/>
      </Item2>
    </RequiredPackages>
    <Units Count="8">
      <Unit0>
        <Filename Value="project1.lpr"/>
        <IsPartOfProject Value="True"/>
        <EditorIndex Value="1"/>
        <TopLine Value="8"/>
        <CursorPos Y="18"/>
        <UsageCount Value="20"/>
        <Loaded Value="True"/>
      </Unit0>
      <Unit1>
        <Filename Value="unit1.pas"/>
        <IsPartOfProject Value="True"/>
        <ComponentName Value="Form1"/>
        <HasResources Value="True"/>
        <ResourceBaseClass Value="Form"/>
        <UnitName Value="Unit1"/>
        <IsVisibleTab Value="True"/>
        <TopLine Value="4"/>
        <CursorPos X="3" Y="66"/>
        <UsageCount Value="20"/>
        <Loaded Value="True"/>
        <LoadedDesigner Value="True"/>
      </Unit1>
      <Unit2>
        <Filename Value="..\lazpainttype.pas"/>
        <UnitName Value="LazPaintType"/>
        <TopLine Value="99"/>
        <CursorPos X="28" Y="112"/>
        <UsageCount Value="10"/>
      </Unit2>
      <Unit3>
        <Filename Value="..\lazpaintmainform.pas"/>
        <ComponentName Value="FMain"/>
        <HasResources Value="True"/>
        <ResourceBaseClass Value="Form"/>
        <UnitName Value="LazpaintMainForm"/>
        <TopLine Value="1409"/>
        <CursorPos X="49" Y="1423"/>
        <UsageCount Value="10"/>
      </Unit3>
      <Unit4>
        <Filename Value="..\..\bgrabitmap\bgradefaultbitmap.pas"/>
        <UnitName Value="BGRADefaultBitmap"/>
        <TopLine Value="3773"/>
        <CursorPos X="3" Y="3779"/>
        <UsageCount Value="10"/>
      </Unit4>
      <Unit5>
        <Filename Value="..\lazpaintinstance.pas"/>
        <UnitName Value="LazpaintInstance"/>
        <TopLine Value="365"/>
        <CursorPos X="36" Y="369"/>
        <UsageCount Value="10"/>
      </Unit5>
      <Unit6>
        <Filename Value="..\uimage.pas"/>
        <CursorPos X="11" Y="8"/>
        <UsageCount Value="10"/>
      </Unit6>
      <Unit7>
        <Filename Value="..\uobject3d.pas"/>
        <ComponentName Value="FObject3D"/>
        <HasResources Value="True"/>
        <ResourceBaseClass Value="Form"/>
        <UnitName Value="UObject3D"/>
        <CursorPos X="39" Y="9"/>
        <UsageCount Value="10"/>
      </Unit7>
    </Units>
    <JumpHistory Count="13" HistoryIndex="12">
      <Position1>
        <Filename Value="unit1.pas"/>
        <Caret Line="38" Column="17" TopLine="19"/>
      </Position1>
      <Position2>
        <Filename Value="unit1.pas"/>
        <Caret Line="39" Column="17" TopLine="20"/>
      </Position2>
      <Position3>
        <Filename Value="unit1.pas"/>
        <Caret Line="41" Column="17" TopLine="22"/>
      </Position3>
      <Position4>
        <Filename Value="unit1.pas"/>
        <Caret Line="39" TopLine="20"/>
      </Position4>
      <Position5>
        <Filename Value="unit1.pas"/>
        <Caret Line="53" Column="43" TopLine="35"/>
      </Position5>
      <Position6>
        <Filename Value="unit1.pas"/>
        <Caret Line="54" Column="22" TopLine="38"/>
      </Position6>
      <Position7>
        <Filename Value="unit1.pas"/>
        <Caret Line="51" Column="14" TopLine="26"/>
      </Position7>
      <Position8>
        <Filename Value="unit1.pas"/>
        <Caret Line="43" Column="14" TopLine="28"/>
      </Position8>
      <Position9>
        <Filename Value="unit1.pas"/>
        <Caret Line="43" Column="14" TopLine="37"/>
      </Position9>
      <Position10>
        <Filename Value="unit1.pas"/>
        <Caret Line="56" Column="24" TopLine="37"/>
      </Position10>
      <Position11>
        <Filename Value="unit1.pas"/>
        <Caret Line="43" Column="19" TopLine="34"/>
      </Position11>
      <Position12>
        <Filename Value="unit1.pas"/>
        <Caret Line="66" Column="3" TopLine="55"/>
      </Position12>
      <Position13>
        <Filename Value="project1.lpr"/>
        <Caret Line="18" TopLine="8"/>
      </Position13>
    </JumpHistory>
  </ProjectOptions>
  <CompilerOptions>
    <Version Value="11"/>
    <PathDelim Value="\"/>
    <Target>
      <Filename Value="project1"/>
    </Target>
    <SearchPaths>
      <IncludeFiles Value="$(ProjOutDir)"/>
      <UnitOutputDirectory Value="lib\$(TargetCPU)-$(TargetOS)"/>
    </SearchPaths>
    <Linking>
      <Debugging>
        <GenerateDebugInfo Value="False"/>
      </Debugging>
      <Options>
        <Win32>
          <GraphicApplication Value="True"/>
        </Win32>
      </Options>
    </Linking>
  </CompilerOptions>
  <Debugging>
    <Exceptions Count="3">
      <Item1>
        <Name Value="EAbort"/>
      </Item1>
      <Item2>
        <Name Value="ECodetoolError"/>
      </Item2>
      <Item3>
        <Name Value="EFOpenError"/>
      </Item3>
    </Exceptions>
  </Debugging>
</CONFIG>
