<?xml version="1.0" encoding="UTF-8"?>
<CONFIG>
  <ProjectOptions>
    <Version Value="9"/>
    <PathDelim Value="\"/>
    <General>
      <MainUnit Value="0"/>
      <ResourceType Value="res"/>
      <UseXPManifest Value="True"/>
    </General>
    <i18n>
      <EnableI18N LFM="False"/>
    </i18n>
    <VersionInfo>
      <StringTable ProductVersion=""/>
    </VersionInfo>
    <BuildModes Count="1" Active="Default">
      <Item1 Name="Default" Default="True"/>
    </BuildModes>
    <PublishOptions>
      <Version Value="2"/>
      <IncludeFileFilter Value="*.(pas|pp|inc|lfm|lpr|lrs|lpi|lpk|sh|xml)"/>
      <ExcludeFileFilter Value="*.(bak|ppu|o|so);*~;backup"/>
    </PublishOptions>
    <RunParams>
      <local>
        <FormatVersion Value="1"/>
      </local>
    </RunParams>
    <RequiredPackages Count="2">
      <Item1>
        <PackageName Value="bgrabitmappack"/>
      </Item1>
      <Item2>
        <PackageName Value="LCL"/>
      </Item2>
    </RequiredPackages>
    <Units Count="5">
      <Unit0>
        <Filename Value="aa_demo.lpr"/>
        <IsPartOfProject Value="True"/>
        <CursorPos Y="15"/>
        <UsageCount Value="21"/>
      </Unit0>
      <Unit1>
        <Filename Value="aa_demo_main.pas"/>
        <IsPartOfProject Value="True"/>
        <ComponentName Value="Form1"/>
        <HasResources Value="True"/>
        <ResourceBaseClass Value="Form"/>
        <UnitName Value="aa_demo_main"/>
        <TopLine Value="67"/>
        <CursorPos X="72" Y="91"/>
        <UsageCount Value="21"/>
        <Loaded Value="True"/>
        <LoadedDesigner Value="True"/>
      </Unit1>
      <Unit2>
        <Filename Value="..\bgrabitmap\bgrapolygon.pas"/>
        <UnitName Value="BGRAPolygon"/>
        <EditorIndex Value="2"/>
        <TopLine Value="244"/>
        <CursorPos X="69" Y="259"/>
        <UsageCount Value="10"/>
        <Loaded Value="True"/>
      </Unit2>
      <Unit3>
        <Filename Value="..\bgrabitmap\bgrafillinfo.pas"/>
        <UnitName Value="BGRAFillInfo"/>
        <EditorIndex Value="3"/>
        <TopLine Value="497"/>
        <CursorPos Y="504"/>
        <UsageCount Value="10"/>
        <Loaded Value="True"/>
      </Unit3>
      <Unit4>
        <Filename Value="..\bgrabitmap\bgrapixel.inc"/>
        <IsVisibleTab Value="True"/>
        <EditorIndex Value="1"/>
        <TopLine Value="326"/>
        <CursorPos X="44" Y="330"/>
        <UsageCount Value="10"/>
        <Loaded Value="True"/>
      </Unit4>
    </Units>
    <JumpHistory Count="20" HistoryIndex="19">
      <Position1>
        <Filename Value="aa_demo_main.pas"/>
        <Caret Line="55" Column="12" TopLine="39"/>
      </Position1>
      <Position2>
        <Filename Value="aa_demo_main.pas"/>
        <Caret Line="42" TopLine="37"/>
      </Position2>
      <Position3>
        <Filename Value="aa_demo_main.pas"/>
        <Caret Line="55" Column="23" TopLine="45"/>
      </Position3>
      <Position4>
        <Filename Value="aa_demo_main.pas"/>
        <Caret Line="67" Column="36" TopLine="42"/>
      </Position4>
      <Position5>
        <Filename Value="aa_demo_main.pas"/>
        <Caret Line="102" Column="3" TopLine="84"/>
      </Position5>
      <Position6>
        <Filename Value="aa_demo_main.pas"/>
        <Caret Line="133" Column="30" TopLine="113"/>
      </Position6>
      <Position7>
        <Filename Value="aa_demo_main.pas"/>
        <Caret Line="134" TopLine="119"/>
      </Position7>
      <Position8>
        <Filename Value="aa_demo_main.pas"/>
        <Caret Line="112" Column="7" TopLine="98"/>
      </Position8>
      <Position9>
        <Filename Value="aa_demo_main.pas"/>
        <Caret Line="59" Column="66" TopLine="44"/>
      </Position9>
      <Position10>
        <Filename Value="aa_demo_main.pas"/>
        <Caret Line="146" Column="30" TopLine="109"/>
      </Position10>
      <Position11>
        <Filename Value="aa_demo_main.pas"/>
        <Caret Line="28" TopLine="17"/>
      </Position11>
      <Position12>
        <Filename Value="aa_demo_main.pas"/>
        <Caret Line="102" Column="5" TopLine="82"/>
      </Position12>
      <Position13>
        <Filename Value="aa_demo_main.pas"/>
        <Caret Line="76" Column="42" TopLine="55"/>
      </Position13>
      <Position14>
        <Filename Value="aa_demo_main.pas"/>
        <Caret Line="77" Column="71" TopLine="61"/>
      </Position14>
      <Position15>
        <Filename Value="aa_demo_main.pas"/>
        <Caret Line="78" Column="71" TopLine="62"/>
      </Position15>
      <Position16>
        <Filename Value="aa_demo_main.pas"/>
        <Caret Line="80" Column="71" TopLine="64"/>
      </Position16>
      <Position17>
        <Filename Value="aa_demo_main.pas"/>
        <Caret Line="125" Column="39" TopLine="118"/>
      </Position17>
      <Position18>
        <Filename Value="aa_demo_main.pas"/>
        <Caret Line="103" Column="3" TopLine="81"/>
      </Position18>
      <Position19>
        <Filename Value="..\bgrabitmap\bgrapixel.inc"/>
      </Position19>
      <Position20>
        <Filename Value="..\bgrabitmap\bgrapixel.inc"/>
        <Caret Line="371" Column="10" TopLine="362"/>
      </Position20>
    </JumpHistory>
  </ProjectOptions>
  <CompilerOptions>
    <Version Value="11"/>
    <PathDelim Value="\"/>
    <Target>
      <Filename Value="aa_demo"/>
    </Target>
    <SearchPaths>
      <IncludeFiles Value="$(ProjOutDir)"/>
      <UnitOutputDirectory Value="lib\$(TargetCPU)-$(TargetOS)"/>
    </SearchPaths>
    <Linking>
      <Options>
        <Win32>
          <GraphicApplication Value="True"/>
        </Win32>
      </Options>
    </Linking>
  </CompilerOptions>
  <Debugging>
    <Exceptions Count="3">
      <Item1>
        <Name Value="EAbort"/>
      </Item1>
      <Item2>
        <Name Value="ECodetoolError"/>
      </Item2>
      <Item3>
        <Name Value="EFOpenError"/>
      </Item3>
    </Exceptions>
  </Debugging>
</CONFIG>
