<?xml version="1.0" encoding="UTF-8"?>
<CONFIG>
  <ProjectOptions>
    <Version Value="9"/>
    <PathDelim Value="\"/>
    <General>
      <MainUnit Value="0"/>
      <ResourceType Value="res"/>
      <UseXPManifest Value="True"/>
      <Icon Value="0"/>
    </General>
    <i18n>
      <EnableI18N LFM="False"/>
    </i18n>
    <VersionInfo>
      <StringTable ProductVersion=""/>
    </VersionInfo>
    <BuildModes Count="1" Active="Default">
      <Item1 Name="Default" Default="True"/>
    </BuildModes>
    <PublishOptions>
      <Version Value="2"/>
      <IncludeFileFilter Value="*.(pas|pp|inc|lfm|lpr|lrs|lpi|lpk|sh|xml)"/>
      <ExcludeFileFilter Value="*.(bak|ppu|o|so);*~;backup"/>
    </PublishOptions>
    <RunParams>
      <local>
        <FormatVersion Value="1"/>
      </local>
    </RunParams>
    <RequiredPackages Count="3">
      <Item1>
        <PackageName Value="etpackage"/>
      </Item1>
      <Item2>
        <PackageName Value="bgrabitmappack"/>
      </Item2>
      <Item3>
        <PackageName Value="LCL"/>
      </Item3>
    </RequiredPackages>
    <Units Count="6">
      <Unit0>
        <Filename Value="blur.lpr"/>
        <IsPartOfProject Value="True"/>
        <UsageCount Value="23"/>
      </Unit0>
      <Unit1>
        <Filename Value="blur_main.pas"/>
        <IsPartOfProject Value="True"/>
        <ComponentName Value="Form1"/>
        <HasResources Value="True"/>
        <ResourceBaseClass Value="Form"/>
        <UnitName Value="blur_main"/>
        <IsVisibleTab Value="True"/>
        <TopLine Value="70"/>
        <CursorPos X="24" Y="72"/>
        <UsageCount Value="23"/>
        <Loaded Value="True"/>
        <LoadedDesigner Value="True"/>
      </Unit1>
      <Unit2>
        <Filename Value="..\bgrabitmap\bgradefaultbitmap.pas"/>
        <UnitName Value="BGRADefaultBitmap"/>
        <EditorIndex Value="1"/>
        <TopLine Value="3215"/>
        <CursorPos X="32" Y="3218"/>
        <UsageCount Value="12"/>
        <Loaded Value="True"/>
      </Unit2>
      <Unit3>
        <Filename Value="..\bgrabitmap\bgrafilters.pas"/>
        <UnitName Value="BGRAFilters"/>
        <EditorIndex Value="3"/>
        <TopLine Value="36"/>
        <CursorPos X="10" Y="47"/>
        <UsageCount Value="12"/>
        <Loaded Value="True"/>
      </Unit3>
      <Unit4>
        <Filename Value="..\bgrabitmap\blurfast.inc"/>
        <EditorIndex Value="4"/>
        <TopLine Value="78"/>
        <CursorPos X="32" Y="121"/>
        <UsageCount Value="12"/>
        <Loaded Value="True"/>
      </Unit4>
      <Unit5>
        <Filename Value="..\bgrabitmap\blurnormal.inc"/>
        <EditorIndex Value="2"/>
        <TopLine Value="215"/>
        <CursorPos X="73" Y="234"/>
        <UsageCount Value="12"/>
        <Loaded Value="True"/>
      </Unit5>
    </Units>
    <JumpHistory Count="30" HistoryIndex="29">
      <Position1>
        <Filename Value="..\bgrabitmap\bgrafilters.pas"/>
        <Caret Line="368" TopLine="356"/>
      </Position1>
      <Position2>
        <Filename Value="..\bgrabitmap\bgrafilters.pas"/>
        <Caret Line="369" TopLine="356"/>
      </Position2>
      <Position3>
        <Filename Value="..\bgrabitmap\bgrafilters.pas"/>
        <Caret Line="370" TopLine="356"/>
      </Position3>
      <Position4>
        <Filename Value="..\bgrabitmap\bgrafilters.pas"/>
        <Caret Line="371" TopLine="356"/>
      </Position4>
      <Position5>
        <Filename Value="..\bgrabitmap\bgrafilters.pas"/>
        <Caret Line="372" TopLine="356"/>
      </Position5>
      <Position6>
        <Filename Value="..\bgrabitmap\blurfast.inc"/>
        <Caret Line="124" Column="24" TopLine="113"/>
      </Position6>
      <Position7>
        <Filename Value="..\bgrabitmap\blurfast.inc"/>
        <Caret Line="95" Column="36" TopLine="72"/>
      </Position7>
      <Position8>
        <Filename Value="..\bgrabitmap\blurfast.inc"/>
        <Caret Line="105" Column="42" TopLine="102"/>
      </Position8>
      <Position9>
        <Filename Value="..\bgrabitmap\bgrafilters.pas"/>
        <Caret Line="513" Column="24" TopLine="493"/>
      </Position9>
      <Position10>
        <Filename Value="..\bgrabitmap\bgrafilters.pas"/>
        <Caret Line="520" Column="23" TopLine="501"/>
      </Position10>
      <Position11>
        <Filename Value="..\bgrabitmap\bgrafilters.pas"/>
        <Caret Line="522" Column="53" TopLine="501"/>
      </Position11>
      <Position12>
        <Filename Value="..\bgrabitmap\bgrafilters.pas"/>
        <Caret Line="520" Column="46" TopLine="502"/>
      </Position12>
      <Position13>
        <Filename Value="..\bgrabitmap\bgrafilters.pas"/>
        <Caret Line="527" Column="27" TopLine="509"/>
      </Position13>
      <Position14>
        <Filename Value="..\bgrabitmap\bgrafilters.pas"/>
        <Caret Line="559" Column="30" TopLine="502"/>
      </Position14>
      <Position15>
        <Filename Value="..\bgrabitmap\bgrafilters.pas"/>
        <Caret Line="527" Column="38" TopLine="509"/>
      </Position15>
      <Position16>
        <Filename Value="..\bgrabitmap\blurnormal.inc"/>
        <Caret Line="218" Column="17" TopLine="209"/>
      </Position16>
      <Position17>
        <Filename Value="..\bgrabitmap\bgrafilters.pas"/>
        <Caret Line="527" Column="16" TopLine="514"/>
      </Position17>
      <Position18>
        <Filename Value="..\bgrabitmap\bgrafilters.pas"/>
        <Caret Line="484" TopLine="471"/>
      </Position18>
      <Position19>
        <Filename Value="..\bgrabitmap\bgrafilters.pas"/>
        <Caret Line="578" Column="35" TopLine="569"/>
      </Position19>
      <Position20>
        <Filename Value="..\bgrabitmap\bgrafilters.pas"/>
        <Caret Line="581" Column="45" TopLine="494"/>
      </Position20>
      <Position21>
        <Filename Value="..\bgrabitmap\bgrafilters.pas"/>
        <Caret Line="519" Column="23" TopLine="506"/>
      </Position21>
      <Position22>
        <Filename Value="..\bgrabitmap\bgrafilters.pas"/>
        <Caret Line="518" Column="16" TopLine="506"/>
      </Position22>
      <Position23>
        <Filename Value="..\bgrabitmap\bgrafilters.pas"/>
        <Caret Line="519" TopLine="506"/>
      </Position23>
      <Position24>
        <Filename Value="..\bgrabitmap\bgrafilters.pas"/>
        <Caret Line="521" TopLine="506"/>
      </Position24>
      <Position25>
        <Filename Value="..\bgrabitmap\bgrafilters.pas"/>
        <Caret Line="523" TopLine="506"/>
      </Position25>
      <Position26>
        <Filename Value="..\bgrabitmap\bgrafilters.pas"/>
        <Caret Line="516" Column="12" TopLine="506"/>
      </Position26>
      <Position27>
        <Filename Value="..\bgrabitmap\bgrafilters.pas"/>
        <Caret Line="520" TopLine="506"/>
      </Position27>
      <Position28>
        <Filename Value="..\bgrabitmap\bgrafilters.pas"/>
        <Caret Line="524" TopLine="506"/>
      </Position28>
      <Position29>
        <Filename Value="blur_main.pas"/>
        <Caret Line="36" TopLine="30"/>
      </Position29>
      <Position30>
        <Filename Value="blur_main.pas"/>
        <Caret Line="9" Column="72" TopLine="5"/>
      </Position30>
    </JumpHistory>
  </ProjectOptions>
  <CompilerOptions>
    <Version Value="11"/>
    <PathDelim Value="\"/>
    <Target>
      <Filename Value="blur"/>
    </Target>
    <SearchPaths>
      <IncludeFiles Value="$(ProjOutDir)"/>
      <UnitOutputDirectory Value="lib\$(TargetCPU)-$(TargetOS)"/>
    </SearchPaths>
    <Linking>
      <Options>
        <Win32>
          <GraphicApplication Value="True"/>
        </Win32>
      </Options>
    </Linking>
  </CompilerOptions>
  <Debugging>
    <Exceptions Count="3">
      <Item1>
        <Name Value="EAbort"/>
      </Item1>
      <Item2>
        <Name Value="ECodetoolError"/>
      </Item2>
      <Item3>
        <Name Value="EFOpenError"/>
      </Item3>
    </Exceptions>
  </Debugging>
</CONFIG>
