<?xml version="1.0" encoding="UTF-8"?>
<CONFIG>
  <ProjectOptions>
    <Version Value="9"/>
    <PathDelim Value="\"/>
    <General>
      <MainUnit Value="0"/>
      <ResourceType Value="res"/>
      <UseXPManifest Value="True"/>
      <Icon Value="0"/>
    </General>
    <i18n>
      <EnableI18N LFM="False"/>
    </i18n>
    <VersionInfo>
      <StringTable ProductVersion=""/>
    </VersionInfo>
    <BuildModes Count="1" Active="Default">
      <Item1 Name="Default" Default="True"/>
    </BuildModes>
    <PublishOptions>
      <Version Value="2"/>
      <IncludeFileFilter Value="*.(pas|pp|inc|lfm|lpr|lrs|lpi|lpk|sh|xml)"/>
      <ExcludeFileFilter Value="*.(bak|ppu|o|so);*~;backup"/>
    </PublishOptions>
    <RunParams>
      <local>
        <FormatVersion Value="1"/>
      </local>
    </RunParams>
    <RequiredPackages Count="2">
      <Item1>
        <PackageName Value="bgrabitmappack"/>
      </Item1>
      <Item2>
        <PackageName Value="LCL"/>
      </Item2>
    </RequiredPackages>
    <Units Count="46">
      <Unit0>
        <Filename Value="bspline.lpr"/>
        <IsPartOfProject Value="True"/>
        <UsageCount Value="84"/>
      </Unit0>
      <Unit1>
        <Filename Value="bspline_main.pas"/>
        <IsPartOfProject Value="True"/>
        <ComponentName Value="Form1"/>
        <HasResources Value="True"/>
        <ResourceBaseClass Value="Form"/>
        <UnitName Value="bspline_main"/>
        <IsVisibleTab Value="True"/>
        <UsageCount Value="84"/>
        <Loaded Value="True"/>
        <LoadedDesigner Value="True"/>
      </Unit1>
      <Unit2>
        <Filename Value="..\bgrabitmap\bgradefaultbitmap.pas"/>
        <UnitName Value="BGRADefaultBitmap"/>
        <EditorIndex Value="-1"/>
        <TopLine Value="568"/>
        <CursorPos X="18" Y="589"/>
        <UsageCount Value="40"/>
      </Unit2>
      <Unit3>
        <Filename Value="..\bgrabitmap\bgrapolygon.pas"/>
        <UnitName Value="BGRAPolygon"/>
        <EditorIndex Value="-1"/>
        <TopLine Value="930"/>
        <CursorPos X="46" Y="949"/>
        <UsageCount Value="42"/>
      </Unit3>
      <Unit4>
        <Filename Value="..\bgrabitmap\bgraresample.pas"/>
        <UnitName Value="BGRAResample"/>
        <EditorIndex Value="-1"/>
        <TopLine Value="68"/>
        <CursorPos X="10" Y="87"/>
        <UsageCount Value="42"/>
      </Unit4>
      <Unit5>
        <Filename Value="..\bgrabitmap\bgrabitmaptypes.pas"/>
        <UnitName Value="BGRABitmapTypes"/>
        <EditorIndex Value="-1"/>
        <UsageCount Value="23"/>
      </Unit5>
      <Unit6>
        <Filename Value="..\bgrabitmap\bgrapen.pas"/>
        <UnitName Value="BGRAPen"/>
        <EditorIndex Value="-1"/>
        <TopLine Value="732"/>
        <CursorPos Y="753"/>
        <UsageCount Value="38"/>
      </Unit6>
      <Unit7>
        <Filename Value="D:\lazarus\lcl\graphics.pp"/>
        <TopLine Value="82"/>
        <CursorPos X="3" Y="95"/>
        <UsageCount Value="6"/>
      </Unit7>
      <Unit8>
        <Filename Value="..\bgrabitmap\bgrapath.pas"/>
        <UnitName Value="BGRAPath"/>
        <EditorIndex Value="-1"/>
        <TopLine Value="2560"/>
        <CursorPos X="21" Y="2570"/>
        <UsageCount Value="39"/>
      </Unit8>
      <Unit9>
        <Filename Value="C:\lazarus\fpc\2.6.2\source\rtl\objpas\math.pp"/>
        <TopLine Value="175"/>
        <CursorPos X="10" Y="193"/>
        <UsageCount Value="15"/>
      </Unit9>
      <Unit10>
        <Filename Value="..\bgrabitmap\bgrafillinfo.pas"/>
        <UnitName Value="BGRAFillInfo"/>
        <EditorIndex Value="-1"/>
        <TopLine Value="234"/>
        <CursorPos X="20" Y="253"/>
        <UsageCount Value="15"/>
      </Unit10>
      <Unit11>
        <Filename Value="..\bgrabitmap\csscolorconst.inc"/>
        <EditorIndex Value="-1"/>
        <UsageCount Value="14"/>
      </Unit11>
      <Unit12>
        <Filename Value="..\bgrabitmap\geometrytypes.inc"/>
        <EditorIndex Value="-1"/>
        <UsageCount Value="29"/>
      </Unit12>
      <Unit13>
        <Filename Value="..\bgrabitmap\bgragraphics.pas"/>
        <UnitName Value="BGRAGraphics"/>
        <EditorIndex Value="-1"/>
        <TopLine Value="39"/>
        <CursorPos X="3" Y="58"/>
        <UsageCount Value="13"/>
      </Unit13>
      <Unit14>
        <Filename Value="..\bgrabitmap\bgratransform.pas"/>
        <UnitName Value="BGRATransform"/>
        <EditorIndex Value="-1"/>
        <CursorPos X="3" Y="14"/>
        <UsageCount Value="15"/>
      </Unit14>
      <Unit15>
        <Filename Value="C:\lazarus\lcl\graphtype.pp"/>
        <TopLine Value="23"/>
        <CursorPos X="5" Y="42"/>
        <UsageCount Value="11"/>
      </Unit15>
      <Unit16>
        <Filename Value="C:\lazarus\lcl\graphics.pp"/>
        <TopLine Value="153"/>
        <CursorPos X="3" Y="172"/>
        <UsageCount Value="11"/>
      </Unit16>
      <Unit17>
        <Filename Value="C:\lazarus\fpc\2.6.2\source\rtl\objpas\types.pp"/>
        <TopLine Value="276"/>
        <CursorPos X="10" Y="295"/>
        <UsageCount Value="11"/>
      </Unit17>
      <Unit18>
        <Filename Value="C:\lazarus\lcl\include\customcontrol.inc"/>
        <EditorIndex Value="-1"/>
        <TopLine Value="65"/>
        <CursorPos Y="79"/>
        <UsageCount Value="30"/>
      </Unit18>
      <Unit19>
        <Filename Value="..\bgrabitmap\bgragifformat.pas"/>
        <CursorPos X="26" Y="8"/>
        <UsageCount Value="10"/>
      </Unit19>
      <Unit20>
        <Filename Value="..\bgrabitmap\bgracustombitmap.inc"/>
        <EditorIndex Value="-1"/>
        <CursorPos X="62"/>
        <UsageCount Value="27"/>
      </Unit20>
      <Unit21>
        <Filename Value="C:\lazarus\fpc\2.6.2\source\packages\fcl-image\src\fpwritepcx.pas"/>
        <EditorIndex Value="-1"/>
        <TopLine Value="60"/>
        <CursorPos X="79" Y="78"/>
        <UsageCount Value="12"/>
      </Unit21>
      <Unit22>
        <Filename Value="C:\lazarus\fpc\2.6.2\source\packages\fcl-image\src\fpimage.pp"/>
        <TopLine Value="530"/>
        <CursorPos X="11" Y="549"/>
        <UsageCount Value="9"/>
      </Unit22>
      <Unit23>
        <Filename Value="C:\lazarus\fpc\2.6.2\source\packages\fcl-image\src\fpreadpcx.pas"/>
        <CursorPos Y="2"/>
        <UsageCount Value="9"/>
      </Unit23>
      <Unit24>
        <Filename Value="C:\lazarus\fpc\2.6.2\source\packages\fcl-image\src\fpwritexpm.pp"/>
        <TopLine Value="5"/>
        <CursorPos X="3" Y="24"/>
        <UsageCount Value="9"/>
      </Unit24>
      <Unit25>
        <Filename Value="C:\lazarus\fpc\2.6.2\source\packages\fcl-image\src\fphandler.inc"/>
        <TopLine Value="88"/>
        <CursorPos X="3" Y="92"/>
        <UsageCount Value="9"/>
      </Unit25>
      <Unit26>
        <Filename Value="..\bgrabitmap\bgrareadpcx.pas"/>
        <UsageCount Value="9"/>
      </Unit26>
      <Unit27>
        <Filename Value="..\bgrabitmap\bgrareadxpm.pas"/>
        <UsageCount Value="9"/>
      </Unit27>
      <Unit28>
        <Filename Value="..\bgrabitmap\bgracanvas2d.pas"/>
        <UnitName Value="BGRACanvas2D"/>
        <EditorIndex Value="-1"/>
        <TopLine Value="248"/>
        <CursorPos X="3" Y="263"/>
        <UsageCount Value="15"/>
      </Unit28>
      <Unit29>
        <Filename Value="..\bgrabitmap\bgrapixel.inc"/>
        <EditorIndex Value="-1"/>
        <UsageCount Value="12"/>
      </Unit29>
      <Unit30>
        <Filename Value="..\bgrabitmap\bgrapolygonaliased.pas"/>
        <UnitName Value="BGRAPolygonAliased"/>
        <EditorIndex Value="-1"/>
        <TopLine Value="719"/>
        <CursorPos X="42" Y="737"/>
        <UsageCount Value="12"/>
      </Unit30>
      <Unit31>
        <Filename Value="..\bgrabitmap\polyaliaspersp.inc"/>
        <EditorIndex Value="-1"/>
        <TopLine Value="345"/>
        <CursorPos X="42" Y="363"/>
        <UsageCount Value="12"/>
      </Unit31>
      <Unit32>
        <Filename Value="..\bgrabitmap\bgragradients.pas"/>
        <UnitName Value="BGRAGradients"/>
        <EditorIndex Value="-1"/>
        <UsageCount Value="12"/>
      </Unit32>
      <Unit33>
        <Filename Value="..\bgrabitmap\bgragradientscanner.pas"/>
        <UnitName Value="BGRAGradientScanner"/>
        <EditorIndex Value="-1"/>
        <CursorPos X="14" Y="20"/>
        <UsageCount Value="12"/>
      </Unit33>
      <Unit34>
        <Filename Value="C:\lazarus\fpc\2.6.2\source\packages\fcl-image\src\fpwritetga.pp"/>
        <EditorIndex Value="-1"/>
        <TopLine Value="6"/>
        <CursorPos X="3" Y="37"/>
        <UsageCount Value="12"/>
      </Unit34>
      <Unit35>
        <Filename Value="..\bgrabitmap\bgrareadtga.pas"/>
        <UnitName Value="BGRAReadTGA"/>
        <EditorIndex Value="-1"/>
        <TopLine Value="67"/>
        <CursorPos X="70" Y="84"/>
        <UsageCount Value="12"/>
      </Unit35>
      <Unit36>
        <Filename Value="C:\lazarus\fpc\2.6.2\source\packages\fcl-image\src\fpwritetiff.pas"/>
        <EditorIndex Value="-1"/>
        <TopLine Value="399"/>
        <CursorPos X="51" Y="430"/>
        <UsageCount Value="12"/>
      </Unit36>
      <Unit37>
        <Filename Value="C:\lazarus\fpc\2.6.2\source\packages\fcl-image\src\fptiffcmn.pas"/>
        <EditorIndex Value="-1"/>
        <TopLine Value="24"/>
        <CursorPos X="3" Y="43"/>
        <UsageCount Value="12"/>
      </Unit37>
      <Unit38>
        <Filename Value="C:\lazarus\fpc\2.6.2\source\packages\fcl-image\src\fpreadtiff.pas"/>
        <EditorIndex Value="-1"/>
        <TopLine Value="1461"/>
        <CursorPos X="3" Y="1469"/>
        <UsageCount Value="12"/>
      </Unit38>
      <Unit39>
        <Filename Value="C:\lazarus\fpc\2.6.2\source\packages\fcl-image\src\fpreadxwd.pas"/>
        <EditorIndex Value="-1"/>
        <TopLine Value="218"/>
        <CursorPos X="3" Y="255"/>
        <UsageCount Value="12"/>
      </Unit39>
      <Unit40>
        <Filename Value="..\bgrabitmap\bgratext.pas"/>
        <UnitName Value="BGRAText"/>
        <EditorIndex Value="-1"/>
        <TopLine Value="44"/>
        <CursorPos X="10" Y="63"/>
        <UsageCount Value="12"/>
      </Unit40>
      <Unit41>
        <Filename Value="..\bgrabitmap\bgravectorize.pas"/>
        <UnitName Value="BGRAVectorize"/>
        <EditorIndex Value="-1"/>
        <TopLine Value="1267"/>
        <CursorPos X="40" Y="1286"/>
        <UsageCount Value="10"/>
      </Unit41>
      <Unit42>
        <Filename Value="..\bgrabitmap\bgratextfx.pas"/>
        <UnitName Value="BGRATextFX"/>
        <EditorIndex Value="-1"/>
        <TopLine Value="653"/>
        <CursorPos X="49" Y="672"/>
        <UsageCount Value="10"/>
      </Unit42>
      <Unit43>
        <Filename Value="C:\lazarus\lcl\lclproc.pas"/>
        <UnitName Value="LCLProc"/>
        <EditorIndex Value="-1"/>
        <TopLine Value="2661"/>
        <CursorPos X="3" Y="2678"/>
        <UsageCount Value="10"/>
      </Unit43>
      <Unit44>
        <Filename Value="C:\lazarus\components\lazutils\lazutf8.pas"/>
        <UnitName Value="LazUTF8"/>
        <EditorIndex Value="-1"/>
        <CursorPos X="71" Y="18"/>
        <UsageCount Value="10"/>
      </Unit44>
      <Unit45>
        <Filename Value="..\bgrabitmap\bgrautf8.pas"/>
        <UnitName Value="BGRAUTF8"/>
        <EditorIndex Value="-1"/>
        <TopLine Value="270"/>
        <CursorPos X="60" Y="279"/>
        <UsageCount Value="10"/>
      </Unit45>
    </Units>
    <JumpHistory Count="1">
      <Position1>
        <Filename Value="bspline_main.pas"/>
        <Caret Line="118" Column="48" TopLine="102"/>
      </Position1>
    </JumpHistory>
  </ProjectOptions>
  <CompilerOptions>
    <Version Value="11"/>
    <PathDelim Value="\"/>
    <Target>
      <Filename Value="bspline"/>
    </Target>
    <SearchPaths>
      <IncludeFiles Value="$(ProjOutDir)"/>
      <UnitOutputDirectory Value="lib\$(TargetCPU)-$(TargetOS)"/>
    </SearchPaths>
    <Linking>
      <Options>
        <Win32>
          <GraphicApplication Value="True"/>
        </Win32>
      </Options>
    </Linking>
  </CompilerOptions>
  <Debugging>
    <Exceptions Count="3">
      <Item1>
        <Name Value="EAbort"/>
      </Item1>
      <Item2>
        <Name Value="ECodetoolError"/>
      </Item2>
      <Item3>
        <Name Value="EFOpenError"/>
      </Item3>
    </Exceptions>
  </Debugging>
</CONFIG>
