<?xml version="1.0" encoding="UTF-8"?>
<CONFIG>
  <ProjectOptions>
    <Version Value="9"/>
    <PathDelim Value="\"/>
    <General>
      <MainUnit Value="0"/>
      <ResourceType Value="res"/>
      <UseXPManifest Value="True"/>
      <Icon Value="0"/>
    </General>
    <i18n>
      <EnableI18N LFM="False"/>
    </i18n>
    <VersionInfo>
      <StringTable ProductVersion=""/>
    </VersionInfo>
    <BuildModes Count="1" Active="Default">
      <Item1 Name="Default" Default="True"/>
    </BuildModes>
    <PublishOptions>
      <Version Value="2"/>
      <IncludeFileFilter Value="*.(pas|pp|inc|lfm|lpr|lrs|lpi|lpk|sh|xml)"/>
      <ExcludeFileFilter Value="*.(bak|ppu|o|so);*~;backup"/>
    </PublishOptions>
    <RunParams>
      <local>
        <FormatVersion Value="1"/>
      </local>
    </RunParams>
    <RequiredPackages Count="3">
      <Item1>
        <PackageName Value="etpackage"/>
      </Item1>
      <Item2>
        <PackageName Value="bgrabitmappack"/>
      </Item2>
      <Item3>
        <PackageName Value="LCL"/>
      </Item3>
    </RequiredPackages>
    <Units Count="5">
      <Unit0>
        <Filename Value="distortions.lpr"/>
        <IsPartOfProject Value="True"/>
        <UsageCount Value="20"/>
      </Unit0>
      <Unit1>
        <Filename Value="distortions_main.pas"/>
        <IsPartOfProject Value="True"/>
        <ComponentName Value="Form1"/>
        <HasResources Value="True"/>
        <ResourceBaseClass Value="Form"/>
        <UnitName Value="distortions_main"/>
        <IsVisibleTab Value="True"/>
        <TopLine Value="135"/>
        <CursorPos X="43" Y="150"/>
        <UsageCount Value="20"/>
        <Loaded Value="True"/>
        <LoadedDesigner Value="True"/>
      </Unit1>
      <Unit2>
        <Filename Value="..\bgrabitmap\bgragradientscanner.pas"/>
        <UnitName Value="BGRAGradientScanner"/>
        <EditorIndex Value="2"/>
        <CursorPos X="47" Y="10"/>
        <UsageCount Value="10"/>
        <Loaded Value="True"/>
      </Unit2>
      <Unit3>
        <Filename Value="..\bgrabitmap\bgrabitmaptypes.pas"/>
        <UnitName Value="BGRABitmapTypes"/>
        <EditorIndex Value="1"/>
        <TopLine Value="427"/>
        <CursorPos X="3" Y="484"/>
        <UsageCount Value="10"/>
        <Loaded Value="True"/>
      </Unit3>
      <Unit4>
        <Filename Value="..\bgrabitmap\bgratransform.pas"/>
        <UnitName Value="BGRATransform"/>
        <EditorIndex Value="3"/>
        <TopLine Value="40"/>
        <CursorPos X="3" Y="25"/>
        <UsageCount Value="10"/>
        <Loaded Value="True"/>
      </Unit4>
    </Units>
    <JumpHistory Count="30" HistoryIndex="29">
      <Position1>
        <Filename Value="distortions_main.pas"/>
        <Caret Line="38" Column="7" TopLine="7"/>
      </Position1>
      <Position2>
        <Filename Value="distortions_main.pas"/>
        <Caret Line="41" Column="53" TopLine="11"/>
      </Position2>
      <Position3>
        <Filename Value="distortions_main.pas"/>
        <Caret Line="22" Column="24" TopLine="22"/>
      </Position3>
      <Position4>
        <Filename Value="distortions_main.pas"/>
        <Caret Line="42" Column="61" TopLine="22"/>
      </Position4>
      <Position5>
        <Filename Value="distortions_main.pas"/>
        <Caret Line="48" Column="63" TopLine="40"/>
      </Position5>
      <Position6>
        <Filename Value="distortions_main.pas"/>
        <Caret Line="25" Column="19"/>
      </Position6>
      <Position7>
        <Filename Value="distortions_main.pas"/>
        <Caret Line="12" Column="34"/>
      </Position7>
      <Position8>
        <Filename Value="distortions_main.pas"/>
        <Caret Line="17" Column="15"/>
      </Position8>
      <Position9>
        <Filename Value="distortions_main.pas"/>
        <Caret Line="18" Column="45" TopLine="4"/>
      </Position9>
      <Position10>
        <Filename Value="distortions_main.pas"/>
        <Caret Line="94" Column="62" TopLine="73"/>
      </Position10>
      <Position11>
        <Filename Value="distortions_main.pas"/>
        <Caret Line="39" Column="19" TopLine="17"/>
      </Position11>
      <Position12>
        <Filename Value="distortions_main.pas"/>
        <Caret Line="41" Column="19" TopLine="21"/>
      </Position12>
      <Position13>
        <Filename Value="distortions_main.pas"/>
        <Caret Line="96" Column="17" TopLine="78"/>
      </Position13>
      <Position14>
        <Filename Value="distortions_main.pas"/>
        <Caret Line="88" Column="7" TopLine="72"/>
      </Position14>
      <Position15>
        <Filename Value="distortions_main.pas"/>
        <Caret Line="89" Column="7" TopLine="73"/>
      </Position15>
      <Position16>
        <Filename Value="distortions_main.pas"/>
        <Caret Line="91" Column="7" TopLine="75"/>
      </Position16>
      <Position17>
        <Filename Value="distortions_main.pas"/>
        <Caret Line="93" Column="45" TopLine="74"/>
      </Position17>
      <Position18>
        <Filename Value="distortions_main.pas"/>
        <Caret Line="41" Column="29" TopLine="19"/>
      </Position18>
      <Position19>
        <Filename Value="distortions_main.pas"/>
        <Caret Line="42" Column="29" TopLine="22"/>
      </Position19>
      <Position20>
        <Filename Value="distortions_main.pas"/>
        <Caret Line="43" Column="29" TopLine="23"/>
      </Position20>
      <Position21>
        <Filename Value="distortions_main.pas"/>
        <Caret Line="42" Column="29" TopLine="23"/>
      </Position21>
      <Position22>
        <Filename Value="distortions_main.pas"/>
        <Caret Line="43" Column="29" TopLine="23"/>
      </Position22>
      <Position23>
        <Filename Value="distortions_main.pas"/>
        <Caret Line="42" Column="29" TopLine="23"/>
      </Position23>
      <Position24>
        <Filename Value="distortions_main.pas"/>
        <Caret Line="39" Column="79" TopLine="20"/>
      </Position24>
      <Position25>
        <Filename Value="distortions_main.pas"/>
        <Caret Line="16" Column="38" TopLine="13"/>
      </Position25>
      <Position26>
        <Filename Value="..\bgrabitmap\bgragradientscanner.pas"/>
        <Caret Line="10" Column="47"/>
      </Position26>
      <Position27>
        <Filename Value="distortions_main.pas"/>
        <Caret Line="96" Column="29" TopLine="85"/>
      </Position27>
      <Position28>
        <Filename Value="distortions_main.pas"/>
        <Caret Line="124" Column="5" TopLine="100"/>
      </Position28>
      <Position29>
        <Filename Value="distortions_main.pas"/>
        <Caret Line="152" Column="120" TopLine="126"/>
      </Position29>
      <Position30>
        <Filename Value="distortions_main.pas"/>
        <Caret Line="129" Column="39" TopLine="127"/>
      </Position30>
    </JumpHistory>
  </ProjectOptions>
  <CompilerOptions>
    <Version Value="11"/>
    <PathDelim Value="\"/>
    <Target>
      <Filename Value="distortions"/>
    </Target>
    <SearchPaths>
      <IncludeFiles Value="$(ProjOutDir)"/>
      <UnitOutputDirectory Value="lib\$(TargetCPU)-$(TargetOS)"/>
    </SearchPaths>
    <Linking>
      <Options>
        <Win32>
          <GraphicApplication Value="True"/>
        </Win32>
      </Options>
    </Linking>
  </CompilerOptions>
  <Debugging>
    <Exceptions Count="3">
      <Item1>
        <Name Value="EAbort"/>
      </Item1>
      <Item2>
        <Name Value="ECodetoolError"/>
      </Item2>
      <Item3>
        <Name Value="EFOpenError"/>
      </Item3>
    </Exceptions>
  </Debugging>
</CONFIG>
