<?xml version="1.0" encoding="UTF-8"?>
<CONFIG>
  <ProjectOptions>
    <Version Value="9"/>
    <PathDelim Value="\"/>
    <General>
      <MainUnit Value="0"/>
      <ResourceType Value="res"/>
      <UseXPManifest Value="True"/>
      <Icon Value="0"/>
    </General>
    <i18n>
      <EnableI18N LFM="False"/>
    </i18n>
    <VersionInfo>
      <StringTable ProductVersion=""/>
    </VersionInfo>
    <BuildModes Count="1" Active="Default">
      <Item1 Name="Default" Default="True"/>
    </BuildModes>
    <PublishOptions>
      <Version Value="2"/>
      <IncludeFileFilter Value="*.(pas|pp|inc|lfm|lpr|lrs|lpi|lpk|sh|xml)"/>
      <ExcludeFileFilter Value="*.(bak|ppu|o|so);*~;backup"/>
    </PublishOptions>
    <RunParams>
      <local>
        <FormatVersion Value="1"/>
      </local>
    </RunParams>
    <RequiredPackages Count="2">
      <Item1>
        <PackageName Value="bgrabitmappack"/>
      </Item1>
      <Item2>
        <PackageName Value="LCL"/>
      </Item2>
    </RequiredPackages>
    <Units Count="3">
      <Unit0>
        <Filename Value="gouraud.lpr"/>
        <IsPartOfProject Value="True"/>
        <UsageCount Value="20"/>
      </Unit0>
      <Unit1>
        <Filename Value="gouraud_main.pas"/>
        <IsPartOfProject Value="True"/>
        <ComponentName Value="Form1"/>
        <HasResources Value="True"/>
        <ResourceBaseClass Value="Form"/>
        <UnitName Value="gouraud_main"/>
        <IsVisibleTab Value="True"/>
        <CursorPos X="55" Y="9"/>
        <UsageCount Value="20"/>
        <Loaded Value="True"/>
        <LoadedDesigner Value="True"/>
      </Unit1>
      <Unit2>
        <Filename Value="..\bgrabitmap\bgrapolygon.pas"/>
        <UnitName Value="BGRAPolygon"/>
        <EditorIndex Value="1"/>
        <TopLine Value="19"/>
        <CursorPos X="30" Y="250"/>
        <UsageCount Value="10"/>
        <Loaded Value="True"/>
      </Unit2>
    </Units>
    <JumpHistory Count="6" HistoryIndex="5">
      <Position1>
        <Filename Value="gouraud_main.pas"/>
        <Caret Line="65" Column="50" TopLine="45"/>
      </Position1>
      <Position2>
        <Filename Value="gouraud_main.pas"/>
        <Caret Line="8" Column="78"/>
      </Position2>
      <Position3>
        <Filename Value="gouraud_main.pas"/>
        <Caret Line="24" Column="15" TopLine="6"/>
      </Position3>
      <Position4>
        <Filename Value="gouraud_main.pas"/>
        <Caret Line="126" TopLine="91"/>
      </Position4>
      <Position5>
        <Filename Value="gouraud_main.pas"/>
        <Caret Line="42" Column="12" TopLine="39"/>
      </Position5>
      <Position6>
        <Filename Value="gouraud_main.pas"/>
        <Caret Line="28" Column="79" TopLine="19"/>
      </Position6>
    </JumpHistory>
  </ProjectOptions>
  <CompilerOptions>
    <Version Value="11"/>
    <PathDelim Value="\"/>
    <Target>
      <Filename Value="gouraud"/>
    </Target>
    <SearchPaths>
      <IncludeFiles Value="$(ProjOutDir)"/>
      <UnitOutputDirectory Value="lib\$(TargetCPU)-$(TargetOS)"/>
    </SearchPaths>
    <Linking>
      <Options>
        <Win32>
          <GraphicApplication Value="True"/>
        </Win32>
      </Options>
    </Linking>
  </CompilerOptions>
  <Debugging>
    <Exceptions Count="3">
      <Item1>
        <Name Value="EAbort"/>
      </Item1>
      <Item2>
        <Name Value="ECodetoolError"/>
      </Item2>
      <Item3>
        <Name Value="EFOpenError"/>
      </Item3>
    </Exceptions>
  </Debugging>
</CONFIG>
