<?xml version="1.0" encoding="UTF-8"?>
<CONFIG>
  <ProjectOptions>
    <Version Value="9"/>
    <PathDelim Value="\"/>
    <General>
      <MainUnit Value="0"/>
      <ResourceType Value="res"/>
      <UseXPManifest Value="True"/>
    </General>
    <i18n>
      <EnableI18N LFM="False"/>
    </i18n>
    <VersionInfo>
      <StringTable ProductVersion=""/>
    </VersionInfo>
    <BuildModes Count="1" Active="Default">
      <Item1 Name="Default" Default="True"/>
    </BuildModes>
    <PublishOptions>
      <Version Value="2"/>
      <IncludeFileFilter Value="*.(pas|pp|inc|lfm|lpr|lrs|lpi|lpk|sh|xml)"/>
      <ExcludeFileFilter Value="*.(bak|ppu|o|so);*~;backup"/>
    </PublishOptions>
    <RunParams>
      <local>
        <FormatVersion Value="1"/>
      </local>
    </RunParams>
    <RequiredPackages Count="3">
      <Item1>
        <PackageName Value="etpackage"/>
      </Item1>
      <Item2>
        <PackageName Value="bgrabitmappack"/>
      </Item2>
      <Item3>
        <PackageName Value="LCL"/>
      </Item3>
    </RequiredPackages>
    <Units Count="7">
      <Unit0>
        <Filename Value="image_perspective.lpr"/>
        <IsPartOfProject Value="True"/>
        <EditorIndex Value="4"/>
        <CursorPos Y="14"/>
        <UsageCount Value="20"/>
        <Loaded Value="True"/>
      </Unit0>
      <Unit1>
        <Filename Value="image_perspective_main.pas"/>
        <IsPartOfProject Value="True"/>
        <ComponentName Value="Form1"/>
        <HasResources Value="True"/>
        <ResourceBaseClass Value="Form"/>
        <UnitName Value="image_perspective_main"/>
        <IsVisibleTab Value="True"/>
        <TopLine Value="113"/>
        <CursorPos X="43" Y="135"/>
        <UsageCount Value="20"/>
        <Loaded Value="True"/>
        <LoadedDesigner Value="True"/>
      </Unit1>
      <Unit2>
        <Filename Value="gouraud_main.pas"/>
        <UnitName Value="gouraud_main"/>
        <EditorIndex Value="5"/>
        <TopLine Value="120"/>
        <CursorPos Y="156"/>
        <UsageCount Value="10"/>
        <Loaded Value="True"/>
      </Unit2>
      <Unit3>
        <Filename Value="uperspective.pas"/>
        <TopLine Value="363"/>
        <CursorPos X="18" Y="368"/>
        <UsageCount Value="20"/>
      </Unit3>
      <Unit4>
        <Filename Value="..\bgrabitmap\bgratransform.pas"/>
        <UnitName Value="BGRATransform"/>
        <EditorIndex Value="2"/>
        <TopLine Value="433"/>
        <CursorPos X="56" Y="471"/>
        <UsageCount Value="10"/>
        <Loaded Value="True"/>
      </Unit4>
      <Unit5>
        <Filename Value="..\bgrabitmap\bgrabitmaptypes.pas"/>
        <UnitName Value="BGRABitmapTypes"/>
        <EditorIndex Value="3"/>
        <TopLine Value="992"/>
        <CursorPos X="7" Y="991"/>
        <UsageCount Value="10"/>
        <Loaded Value="True"/>
      </Unit5>
      <Unit6>
        <Filename Value="..\bgrabitmap\bgradefaultbitmap.pas"/>
        <UnitName Value="BGRADefaultBitmap"/>
        <EditorIndex Value="1"/>
        <UsageCount Value="10"/>
        <Loaded Value="True"/>
      </Unit6>
    </Units>
    <JumpHistory Count="17" HistoryIndex="16">
      <Position1>
        <Filename Value="..\bgrabitmap\bgrabitmaptypes.pas"/>
        <Caret Line="557" Column="27" TopLine="539"/>
      </Position1>
      <Position2>
        <Filename Value="..\bgrabitmap\bgrabitmaptypes.pas"/>
        <Caret Line="556" Column="48" TopLine="538"/>
      </Position2>
      <Position3>
        <Filename Value="..\bgrabitmap\bgrabitmaptypes.pas"/>
        <Caret Line="1664" Column="30" TopLine="1636"/>
      </Position3>
      <Position4>
        <Filename Value="image_perspective_main.pas"/>
        <Caret Line="84" Column="16" TopLine="71"/>
      </Position4>
      <Position5>
        <Filename Value="..\bgrabitmap\bgradefaultbitmap.pas"/>
        <Caret Line="243" Column="27" TopLine="225"/>
      </Position5>
      <Position6>
        <Filename Value="..\bgrabitmap\bgradefaultbitmap.pas"/>
        <Caret Line="246" Column="28" TopLine="225"/>
      </Position6>
      <Position7>
        <Filename Value="..\bgrabitmap\bgradefaultbitmap.pas"/>
        <Caret Line="1798" Column="29" TopLine="1780"/>
      </Position7>
      <Position8>
        <Filename Value="..\bgrabitmap\bgratransform.pas"/>
        <Caret Line="134" Column="66" TopLine="115"/>
      </Position8>
      <Position9>
        <Filename Value="image_perspective_main.pas"/>
        <Caret Line="80" Column="22" TopLine="71"/>
      </Position9>
      <Position10>
        <Filename Value="..\bgrabitmap\bgrabitmaptypes.pas"/>
        <Caret Line="541" Column="63" TopLine="522"/>
      </Position10>
      <Position11>
        <Filename Value="..\bgrabitmap\bgradefaultbitmap.pas"/>
        <Caret Line="1801" TopLine="1780"/>
      </Position11>
      <Position12>
        <Filename Value="..\bgrabitmap\bgradefaultbitmap.pas"/>
        <Caret Line="1792" Column="6" TopLine="1774"/>
      </Position12>
      <Position13>
        <Filename Value="..\bgrabitmap\bgradefaultbitmap.pas"/>
        <Caret Line="1798" Column="83" TopLine="1774"/>
      </Position13>
      <Position14>
        <Filename Value="..\bgrabitmap\bgradefaultbitmap.pas"/>
        <Caret Line="1792" Column="7" TopLine="1774"/>
      </Position14>
      <Position15>
        <Filename Value="..\bgrabitmap\bgradefaultbitmap.pas"/>
        <Caret Line="1804" Column="5" TopLine="1774"/>
      </Position15>
      <Position16>
        <Filename Value="..\bgrabitmap\bgradefaultbitmap.pas"/>
        <Caret Line="1780" Column="38" TopLine="1778"/>
      </Position16>
      <Position17>
        <Filename Value="image_perspective_main.pas"/>
        <Caret Line="50" Column="19" TopLine="32"/>
      </Position17>
    </JumpHistory>
  </ProjectOptions>
  <CompilerOptions>
    <Version Value="11"/>
    <PathDelim Value="\"/>
    <Target>
      <Filename Value="image_perspective"/>
    </Target>
    <SearchPaths>
      <IncludeFiles Value="$(ProjOutDir)"/>
      <UnitOutputDirectory Value="lib\$(TargetCPU)-$(TargetOS)"/>
    </SearchPaths>
    <Linking>
      <Options>
        <Win32>
          <GraphicApplication Value="True"/>
        </Win32>
      </Options>
    </Linking>
  </CompilerOptions>
  <Debugging>
    <Exceptions Count="3">
      <Item1>
        <Name Value="EAbort"/>
      </Item1>
      <Item2>
        <Name Value="ECodetoolError"/>
      </Item2>
      <Item3>
        <Name Value="EFOpenError"/>
      </Item3>
    </Exceptions>
  </Debugging>
</CONFIG>
