<?xml version="1.0"?>
<CONFIG>
  <ProjectOptions>
    <Version Value="9"/>
    <PathDelim Value="\"/>
    <General>
      <MainUnit Value="0"/>
      <Title Value="LazPaint"/>
      <UseXPManifest Value="True"/>
      <XPManifest>
        <DpiAware Value="True"/>
      </XPManifest>
      <Icon Value="0"/>
      <ActiveWindowIndexAtStart Value="0"/>
    </General>
    <i18n>
      <EnableI18N Value="True"/>
      <OutDir Value="release\i18n"/>
    </i18n>
    <VersionInfo>
      <UseVersionInfo Value="True"/>
      <MajorVersionNr Value="5"/>
      <MinorVersionNr Value="6"/>
      <CharSet Value="04B0"/>
      <StringTable CompanyName="http://sourceforge.net/projects/lazpaint/" ProductName="LazPaint" InternalName="lazpaint" ProductVersion="" OriginalFilename="lazpaint.exe"/>
    </VersionInfo>
    <BuildModes Count="4" Active="Release">
      <Item1 Name="Debug" Default="True"/>
      <Item2 Name="Release">
        <CompilerOptions>
          <Version Value="11"/>
          <PathDelim Value="\"/>
          <Target>
            <Filename Value="release\lazpaint"/>
          </Target>
          <SearchPaths>
            <IncludeFiles Value="$(ProjOutDir)"/>
            <OtherUnitFiles Value="buttons"/>
            <UnitOutputDirectory Value="release\lib\$(TargetCPU)-$(TargetOS)"/>
          </SearchPaths>
          <Parsing>
            <SyntaxOptions>
              <UseAnsiStrings Value="False"/>
            </SyntaxOptions>
          </Parsing>
          <CodeGeneration>
            <Optimizations>
              <VariablesInRegisters Value="True"/>
              <OptimizationLevel Value="3"/>
            </Optimizations>
          </CodeGeneration>
          <Linking>
            <Debugging>
              <GenerateDebugInfo Value="False"/>
              <UseLineInfoUnit Value="False"/>
              <StripSymbols Value="True"/>
            </Debugging>
            <LinkSmart Value="True"/>
            <Options>
              <Win32>
                <GraphicApplication Value="True"/>
              </Win32>
            </Options>
          </Linking>
          <Other>
            <CompilerMessages>
              <UseMsgFile Value="True"/>
            </CompilerMessages>
            <CompilerPath Value="$(CompPath)"/>
          </Other>
        </CompilerOptions>
      </Item2>
      <Item3 Name="Release Win32">
        <CompilerOptions>
          <Version Value="11"/>
          <PathDelim Value="\"/>
          <Target>
            <Filename Value="release\lazpaint32"/>
          </Target>
          <SearchPaths>
            <IncludeFiles Value="$(ProjOutDir)"/>
            <OtherUnitFiles Value="buttons"/>
            <UnitOutputDirectory Value="release\lib\$(TargetCPU)-$(TargetOS)"/>
          </SearchPaths>
          <Parsing>
            <SyntaxOptions>
              <UseAnsiStrings Value="False"/>
            </SyntaxOptions>
          </Parsing>
          <CodeGeneration>
            <TargetCPU Value="i386"/>
            <TargetOS Value="win32"/>
            <Optimizations>
              <VariablesInRegisters Value="True"/>
              <OptimizationLevel Value="3"/>
            </Optimizations>
          </CodeGeneration>
          <Linking>
            <Debugging>
              <GenerateDebugInfo Value="False"/>
              <UseLineInfoUnit Value="False"/>
              <StripSymbols Value="True"/>
            </Debugging>
            <LinkSmart Value="True"/>
            <Options>
              <Win32>
                <GraphicApplication Value="True"/>
              </Win32>
            </Options>
          </Linking>
          <Other>
            <CompilerMessages>
              <UseMsgFile Value="True"/>
            </CompilerMessages>
            <CompilerPath Value="$(CompPath)"/>
          </Other>
        </CompilerOptions>
      </Item3>
      <Item4 Name="Release Win64">
        <CompilerOptions>
          <Version Value="11"/>
          <PathDelim Value="\"/>
          <Target>
            <Filename Value="release\lazpaint_x64"/>
          </Target>
          <SearchPaths>
            <IncludeFiles Value="$(ProjOutDir)"/>
            <OtherUnitFiles Value="buttons"/>
            <UnitOutputDirectory Value="release\lib\$(TargetCPU)-$(TargetOS)"/>
          </SearchPaths>
          <Parsing>
            <SyntaxOptions>
              <UseAnsiStrings Value="False"/>
            </SyntaxOptions>
          </Parsing>
          <CodeGeneration>
            <TargetCPU Value="x86_64"/>
            <TargetOS Value="win64"/>
            <Optimizations>
              <VariablesInRegisters Value="True"/>
              <OptimizationLevel Value="3"/>
            </Optimizations>
          </CodeGeneration>
          <Linking>
            <Debugging>
              <GenerateDebugInfo Value="False"/>
              <UseLineInfoUnit Value="False"/>
              <StripSymbols Value="True"/>
            </Debugging>
            <LinkSmart Value="True"/>
            <Options>
              <Win32>
                <GraphicApplication Value="True"/>
              </Win32>
            </Options>
          </Linking>
          <Other>
            <CompilerMessages>
              <UseMsgFile Value="True"/>
            </CompilerMessages>
            <CompilerPath Value="$(CompPath)"/>
          </Other>
        </CompilerOptions>
      </Item4>
    </BuildModes>
    <PublishOptions>
      <Version Value="2"/>
      <IncludeFileFilter Value="*.(pas|pp|inc|lfm|lpr|lrs|lpi|lpk|sh|xml)"/>
      <ExcludeFileFilter Value="*.(bak|ppu|ppw|o|so);*~;backup"/>
    </PublishOptions>
    <RunParams>
      <local>
        <FormatVersion Value="1"/>
        <LaunchingApplication PathPlusParams="\usr\X11R6\bin\xterm -T 'Lazarus Run Output' -e $(LazarusDir)\tools\runwait.sh $(TargetCmdLine)"/>
      </local>
    </RunParams>
    <RequiredPackages Count="4">
      <Item1>
        <PackageName Value="lnetvisual"/>
      </Item1>
      <Item2>
        <PackageName Value="bgracontrols"/>
      </Item2>
      <Item3>
        <PackageName Value="bgrabitmappack"/>
      </Item3>
      <Item4>
        <PackageName Value="LCL"/>
      </Item4>
    </RequiredPackages>
    <Units Count="135">
      <Unit0>
        <Filename Value="lazpaint.lpr"/>
        <IsPartOfProject Value="True"/>
        <UnitName Value="lazpaint"/>
        <WindowIndex Value="0"/>
        <TopLine Value="22"/>
        <CursorPos X="1" Y="36"/>
        <UsageCount Value="204"/>
      </Unit0>
      <Unit1>
        <Filename Value="lazpaintmainform.pas"/>
        <IsPartOfProject Value="True"/>
        <ComponentName Value="FMain"/>
        <HasResources Value="True"/>
        <ResourceBaseClass Value="Form"/>
        <UnitName Value="LazpaintMainForm"/>
        <WindowIndex Value="0"/>
        <TopLine Value="2570"/>
        <CursorPos X="44" Y="2580"/>
        <UsageCount Value="204"/>
      </Unit1>
      <Unit2>
        <Filename Value="..\bgrabitmap\bgrabitmap.pas"/>
        <UnitName Value="BGRABitmap"/>
        <WindowIndex Value="0"/>
        <TopLine Value="51"/>
        <CursorPos X="3" Y="69"/>
        <UsageCount Value="27"/>
      </Unit2>
      <Unit3>
        <Filename Value="..\bgrabitmap\bgrabitmaptypes.pas"/>
        <UnitName Value="BGRABitmapTypes"/>
        <WindowIndex Value="0"/>
        <TopLine Value="811"/>
        <CursorPos X="10" Y="831"/>
        <UsageCount Value="100"/>
      </Unit3>
      <Unit4>
        <Filename Value="ugraph.pas"/>
        <IsPartOfProject Value="True"/>
        <UnitName Value="UGraph"/>
        <WindowIndex Value="0"/>
        <TopLine Value="15"/>
        <CursorPos X="1" Y="33"/>
        <UsageCount Value="204"/>
      </Unit4>
      <Unit5>
        <Filename Value="..\bgrabitmap\bgradefaultbitmap.pas"/>
        <UnitName Value="BGRADefaultBitmap"/>
        <WindowIndex Value="0"/>
        <TopLine Value="3027"/>
        <CursorPos X="38" Y="3048"/>
        <UsageCount Value="95"/>
      </Unit5>
      <Unit6>
        <Filename Value="utool.pas"/>
        <IsPartOfProject Value="True"/>
        <UnitName Value="UTool"/>
        <WindowIndex Value="0"/>
        <TopLine Value="28"/>
        <CursorPos X="14" Y="48"/>
        <UsageCount Value="204"/>
      </Unit6>
      <Unit7>
        <Filename Value="..\bgrabitmap\bgrapolygon.pas"/>
        <UnitName Value="BGRAPolygon"/>
        <WindowIndex Value="0"/>
        <TopLine Value="451"/>
        <CursorPos X="1" Y="470"/>
        <UsageCount Value="117"/>
      </Unit7>
      <Unit8>
        <Filename Value="uresample.pas"/>
        <IsPartOfProject Value="True"/>
        <ComponentName Value="FResample"/>
        <HasResources Value="True"/>
        <ResourceBaseClass Value="Form"/>
        <UnitName Value="UResample"/>
        <WindowIndex Value="0"/>
        <TopLine Value="18"/>
        <CursorPos X="48" Y="42"/>
        <UsageCount Value="200"/>
      </Unit8>
      <Unit9>
        <Filename Value="unewimage.pas"/>
        <IsPartOfProject Value="True"/>
        <ComponentName Value="FNewImage"/>
        <HasResources Value="True"/>
        <ResourceBaseClass Value="Form"/>
        <UnitName Value="UNewimage"/>
        <WindowIndex Value="0"/>
        <TopLine Value="40"/>
        <CursorPos X="3" Y="43"/>
        <UsageCount Value="201"/>
      </Unit9>
      <Unit10>
        <Filename Value="utoolbox.pas"/>
        <IsPartOfProject Value="True"/>
        <ComponentName Value="FToolbox"/>
        <HasResources Value="True"/>
        <ResourceBaseClass Value="Form"/>
        <UnitName Value="UToolbox"/>
        <WindowIndex Value="0"/>
        <TopLine Value="1"/>
        <CursorPos X="1" Y="1"/>
        <UsageCount Value="204"/>
      </Unit10>
      <Unit11>
        <Filename Value="uimage.pas"/>
        <IsPartOfProject Value="True"/>
        <UnitName Value="UImage"/>
        <WindowIndex Value="0"/>
        <TopLine Value="467"/>
        <CursorPos X="3" Y="471"/>
        <UsageCount Value="203"/>
      </Unit11>
      <Unit12>
        <Filename Value="..\bgrabitmap\bgrafilters.pas"/>
        <UnitName Value="BGRAFilters"/>
        <WindowIndex Value="0"/>
        <TopLine Value="1"/>
        <CursorPos X="40" Y="6"/>
        <UsageCount Value="127"/>
      </Unit12>
      <Unit13>
        <Filename Value="..\bgrabitmap\bgraresample.pas"/>
        <UnitName Value="BGRAResample"/>
        <WindowIndex Value="0"/>
        <TopLine Value="54"/>
        <CursorPos X="1" Y="54"/>
        <UsageCount Value="122"/>
      </Unit13>
      <Unit14>
        <Filename Value="uradialblur.pas"/>
        <IsPartOfProject Value="True"/>
        <ComponentName Value="FRadialBlur"/>
        <HasResources Value="True"/>
        <ResourceBaseClass Value="Form"/>
        <UnitName Value="URadialBlur"/>
        <WindowIndex Value="0"/>
        <TopLine Value="136"/>
        <CursorPos X="49" Y="163"/>
        <UsageCount Value="200"/>
      </Unit14>
      <Unit15>
        <Filename Value="umotionblur.pas"/>
        <IsPartOfProject Value="True"/>
        <ComponentName Value="FMotionBlur"/>
        <HasResources Value="True"/>
        <ResourceBaseClass Value="Form"/>
        <UnitName Value="UMotionBlur"/>
        <WindowIndex Value="0"/>
        <TopLine Value="162"/>
        <CursorPos X="49" Y="180"/>
        <UsageCount Value="202"/>
      </Unit15>
      <Unit16>
        <Filename Value="uemboss.pas"/>
        <IsPartOfProject Value="True"/>
        <ComponentName Value="FEmboss"/>
        <HasResources Value="True"/>
        <ResourceBaseClass Value="Form"/>
        <UnitName Value="UEmboss"/>
        <WindowIndex Value="0"/>
        <TopLine Value="131"/>
        <CursorPos X="38" Y="159"/>
        <UsageCount Value="203"/>
      </Unit16>
      <Unit17>
        <Filename Value="uclipboard.pas"/>
        <IsPartOfProject Value="True"/>
        <UnitName Value="UClipboard"/>
        <WindowIndex Value="0"/>
        <TopLine Value="1"/>
        <CursorPos X="8" Y="1"/>
        <UsageCount Value="200"/>
      </Unit17>
      <Unit18>
        <Filename Value="ucustomblur.pas"/>
        <IsPartOfProject Value="True"/>
        <ComponentName Value="FCustomBlur"/>
        <HasResources Value="True"/>
        <ResourceBaseClass Value="Form"/>
        <UnitName Value="UCustomblur"/>
        <WindowIndex Value="0"/>
        <TopLine Value="151"/>
        <CursorPos X="30" Y="169"/>
        <UsageCount Value="200"/>
      </Unit18>
      <Unit19>
        <Filename Value="umac.pas"/>
        <IsPartOfProject Value="True"/>
        <UnitName Value="UMac"/>
        <WindowIndex Value="0"/>
        <TopLine Value="2"/>
        <CursorPos X="11" Y="20"/>
        <UsageCount Value="200"/>
      </Unit19>
      <Unit20>
        <Filename Value="ucursors.pas"/>
        <IsPartOfProject Value="True"/>
        <UnitName Value="UCursors"/>
        <WindowIndex Value="0"/>
        <TopLine Value="1"/>
        <CursorPos X="8" Y="1"/>
        <UsageCount Value="200"/>
      </Unit20>
      <Unit21>
        <Filename Value="uchoosecolor.pas"/>
        <IsPartOfProject Value="True"/>
        <ComponentName Value="FChooseColor"/>
        <HasResources Value="True"/>
        <ResourceBaseClass Value="Form"/>
        <UnitName Value="UChooseColor"/>
        <WindowIndex Value="0"/>
        <TopLine Value="165"/>
        <CursorPos X="81" Y="175"/>
        <UsageCount Value="203"/>
      </Unit21>
      <Unit22>
        <Filename Value="..\bgrabitmap\bgrapaintnet.pas"/>
        <UnitName Value="BGRAPaintNet"/>
        <WindowIndex Value="0"/>
        <TopLine Value="1"/>
        <CursorPos X="1" Y="1"/>
        <UsageCount Value="82"/>
      </Unit22>
      <Unit23>
        <Filename Value="..\bgrabitmap\bgradnetdeserial.pas"/>
        <UnitName Value="BGRADNetDeserial"/>
        <WindowIndex Value="0"/>
        <TopLine Value="141"/>
        <CursorPos X="5" Y="142"/>
        <UsageCount Value="80"/>
      </Unit23>
      <Unit24>
        <Filename Value="..\bgrabitmap\bgrablend.pas"/>
        <UnitName Value="BGRABlend"/>
        <WindowIndex Value="0"/>
        <TopLine Value="439"/>
        <CursorPos X="14" Y="454"/>
        <UsageCount Value="58"/>
      </Unit24>
      <Unit25>
        <Filename Value="ucanvassize.pas"/>
        <IsPartOfProject Value="True"/>
        <ComponentName Value="FCanvasSize"/>
        <HasResources Value="True"/>
        <ResourceBaseClass Value="Form"/>
        <UnitName Value="UCanvassize"/>
        <WindowIndex Value="0"/>
        <TopLine Value="56"/>
        <CursorPos X="1" Y="63"/>
        <UsageCount Value="200"/>
      </Unit25>
      <Unit26>
        <Filename Value="ucolorintensity.pas"/>
        <IsPartOfProject Value="True"/>
        <ComponentName Value="FColorIntensity"/>
        <HasResources Value="True"/>
        <ResourceBaseClass Value="Form"/>
        <UnitName Value="UColorintensity"/>
        <WindowIndex Value="0"/>
        <TopLine Value="245"/>
        <CursorPos X="1" Y="268"/>
        <UsageCount Value="200"/>
      </Unit26>
      <Unit27>
        <Filename Value="ushiftcolors.pas"/>
        <IsPartOfProject Value="True"/>
        <ComponentName Value="FShiftColors"/>
        <HasResources Value="True"/>
        <ResourceBaseClass Value="Form"/>
        <UnitName Value="UShiftColors"/>
        <WindowIndex Value="0"/>
        <TopLine Value="213"/>
        <CursorPos X="1" Y="237"/>
        <UsageCount Value="202"/>
      </Unit27>
      <Unit28>
        <Filename Value="ucolorize.pas"/>
        <IsPartOfProject Value="True"/>
        <ComponentName Value="FColorize"/>
        <HasResources Value="True"/>
        <ResourceBaseClass Value="Form"/>
        <UnitName Value="UColorize"/>
        <WindowIndex Value="0"/>
        <TopLine Value="227"/>
        <CursorPos X="1" Y="256"/>
        <UsageCount Value="202"/>
      </Unit28>
      <Unit29>
        <Filename Value="umultiimage.pas"/>
        <IsPartOfProject Value="True"/>
        <ComponentName Value="FMultiImage"/>
        <HasResources Value="True"/>
        <ResourceBaseClass Value="Form"/>
        <UnitName Value="UMultiImage"/>
        <WindowIndex Value="0"/>
        <TopLine Value="69"/>
        <CursorPos X="3" Y="73"/>
        <UsageCount Value="200"/>
      </Unit29>
      <Unit30>
        <Filename Value="uabout.pas"/>
        <IsPartOfProject Value="True"/>
        <ComponentName Value="FAbout"/>
        <HasResources Value="True"/>
        <ResourceBaseClass Value="Form"/>
        <UnitName Value="UAbout"/>
        <WindowIndex Value="0"/>
        <TopLine Value="41"/>
        <CursorPos X="28" Y="63"/>
        <UsageCount Value="200"/>
      </Unit30>
      <Unit31>
        <Filename Value="uconfig.pas"/>
        <IsPartOfProject Value="True"/>
        <UnitName Value="UConfig"/>
        <WindowIndex Value="0"/>
        <TopLine Value="667"/>
        <CursorPos X="41" Y="693"/>
        <UsageCount Value="202"/>
      </Unit31>
      <Unit32>
        <Filename Value="..\bgrabitmap\bgracompressablebitmap.pas"/>
        <UnitName Value="BGRACompressableBitmap"/>
        <WindowIndex Value="0"/>
        <TopLine Value="89"/>
        <CursorPos X="3" Y="97"/>
        <UsageCount Value="95"/>
      </Unit32>
      <Unit33>
        <Filename Value="ucommandline.pas"/>
        <IsPartOfProject Value="True"/>
        <UnitName Value="UCommandline"/>
        <WindowIndex Value="0"/>
        <TopLine Value="175"/>
        <CursorPos X="49" Y="198"/>
        <UsageCount Value="209"/>
      </Unit33>
      <Unit34>
        <Filename Value="..\bgrabitmap\bgragradients.pas"/>
        <UnitName Value="BGRAGradients"/>
        <WindowIndex Value="0"/>
        <TopLine Value="361"/>
        <CursorPos X="1" Y="381"/>
        <UsageCount Value="34"/>
      </Unit34>
      <Unit35>
        <Filename Value="utwirl.pas"/>
        <IsPartOfProject Value="True"/>
        <ComponentName Value="FTwirl"/>
        <HasResources Value="True"/>
        <ResourceBaseClass Value="Form"/>
        <UnitName Value="UTwirl"/>
        <WindowIndex Value="0"/>
        <TopLine Value="126"/>
        <CursorPos X="38" Y="144"/>
        <UsageCount Value="200"/>
      </Unit35>
      <Unit36>
        <Filename Value="lazpaintinstance.pas"/>
        <IsPartOfProject Value="True"/>
        <UnitName Value="LazpaintInstance"/>
        <WindowIndex Value="0"/>
        <TopLine Value="505"/>
        <CursorPos X="33" Y="522"/>
        <UsageCount Value="200"/>
      </Unit36>
      <Unit37>
        <Filename Value="lazpainttype.pas"/>
        <IsPartOfProject Value="True"/>
        <UnitName Value="LazPaintType"/>
        <IsVisibleTab Value="True"/>
        <EditorIndex Value="0"/>
        <WindowIndex Value="0"/>
        <TopLine Value="1"/>
        <CursorPos X="1" Y="1"/>
        <UsageCount Value="203"/>
        <Loaded Value="True"/>
      </Unit37>
      <Unit38>
        <Filename Value="uparse.pas"/>
        <IsPartOfProject Value="True"/>
        <UnitName Value="UParse"/>
        <WindowIndex Value="0"/>
        <TopLine Value="1"/>
        <CursorPos X="1" Y="1"/>
        <UsageCount Value="200"/>
      </Unit38>
      <Unit39>
        <Filename Value="utooldeformationgrid.pas"/>
        <IsPartOfProject Value="True"/>
        <UnitName Value="UToolDeformationGrid"/>
        <WindowIndex Value="0"/>
        <TopLine Value="70"/>
        <CursorPos X="1" Y="70"/>
        <UsageCount Value="203"/>
      </Unit39>
      <Unit40>
        <Filename Value="utoolselect.pas"/>
        <IsPartOfProject Value="True"/>
        <UnitName Value="UToolSelect"/>
        <WindowIndex Value="0"/>
        <TopLine Value="443"/>
        <CursorPos X="31" Y="452"/>
        <UsageCount Value="203"/>
      </Unit40>
      <Unit41>
        <Filename Value="utoolpolygon.pas"/>
        <IsPartOfProject Value="True"/>
        <UnitName Value="UToolPolygon"/>
        <WindowIndex Value="0"/>
        <TopLine Value="130"/>
        <CursorPos X="3" Y="134"/>
        <UsageCount Value="203"/>
      </Unit41>
      <Unit42>
        <Filename Value="utoolfloodfill.pas"/>
        <IsPartOfProject Value="True"/>
        <UnitName Value="UToolFloodFill"/>
        <WindowIndex Value="0"/>
        <TopLine Value="19"/>
        <CursorPos X="1" Y="19"/>
        <UsageCount Value="203"/>
      </Unit42>
      <Unit43>
        <Filename Value="utoolbasic.pas"/>
        <IsPartOfProject Value="True"/>
        <UnitName Value="UToolBasic"/>
        <WindowIndex Value="0"/>
        <TopLine Value="265"/>
        <CursorPos X="4" Y="268"/>
        <UsageCount Value="200"/>
      </Unit43>
      <Unit44>
        <Filename Value="uscaledpi.pas"/>
        <IsPartOfProject Value="True"/>
        <UnitName Value="UScaleDPI"/>
        <WindowIndex Value="0"/>
        <TopLine Value="1"/>
        <CursorPos X="1" Y="4"/>
        <UsageCount Value="221"/>
      </Unit44>
      <Unit45>
        <Filename Value="uresourcestrings.pas"/>
        <IsPartOfProject Value="True"/>
        <UnitName Value="UResourceStrings"/>
        <WindowIndex Value="0"/>
        <TopLine Value="1"/>
        <CursorPos X="1" Y="11"/>
        <UsageCount Value="292"/>
      </Unit45>
      <Unit46>
        <Filename Value="upixelate.pas"/>
        <IsPartOfProject Value="True"/>
        <ComponentName Value="FPixelate"/>
        <HasResources Value="True"/>
        <ResourceBaseClass Value="Form"/>
        <UnitName Value="UPixelate"/>
        <WindowIndex Value="0"/>
        <TopLine Value="86"/>
        <CursorPos X="39" Y="114"/>
        <UsageCount Value="287"/>
      </Unit46>
      <Unit47>
        <Filename Value="utoolphong.pas"/>
        <IsPartOfProject Value="True"/>
        <UnitName Value="UToolPhong"/>
        <WindowIndex Value="0"/>
        <TopLine Value="3"/>
        <CursorPos X="29" Y="20"/>
        <UsageCount Value="281"/>
      </Unit47>
      <Unit48>
        <Filename Value="utooltext.pas"/>
        <IsPartOfProject Value="True"/>
        <UnitName Value="UToolText"/>
        <WindowIndex Value="0"/>
        <TopLine Value="1"/>
        <CursorPos X="1" Y="1"/>
        <UsageCount Value="232"/>
      </Unit48>
      <Unit49>
        <Filename Value="uimagestate.pas"/>
        <IsPartOfProject Value="True"/>
        <UnitName Value="UImageState"/>
        <WindowIndex Value="0"/>
        <TopLine Value="49"/>
        <CursorPos X="1" Y="67"/>
        <UsageCount Value="202"/>
      </Unit49>
      <Unit50>
        <Filename Value="ustatetype.pas"/>
        <UnitName Value="UStateType"/>
        <WindowIndex Value="0"/>
        <TopLine Value="58"/>
        <CursorPos X="36" Y="76"/>
        <UsageCount Value="92"/>
      </Unit50>
      <Unit51>
        <Filename Value="..\bgrabitmap\bgralayers.pas"/>
        <UnitName Value="BGRALayers"/>
        <WindowIndex Value="0"/>
        <TopLine Value="171"/>
        <CursorPos X="14" Y="185"/>
        <UsageCount Value="86"/>
      </Unit51>
      <Unit52>
        <Filename Value="uobject3d.pas"/>
        <IsPartOfProject Value="True"/>
        <ComponentName Value="FObject3D"/>
        <HasResources Value="True"/>
        <ResourceBaseClass Value="Form"/>
        <UnitName Value="UObject3D"/>
        <WindowIndex Value="0"/>
        <TopLine Value="370"/>
        <CursorPos X="42" Y="380"/>
        <UsageCount Value="201"/>
      </Unit52>
      <Unit53>
        <Filename Value="C:\lazarus\fpc\2.6.0\source\rtl\inc\systemh.inc"/>
        <WindowIndex Value="0"/>
        <TopLine Value="1012"/>
        <CursorPos X="30" Y="1030"/>
        <UsageCount Value="8"/>
      </Unit53>
      <Unit54>
        <Filename Value="ulayerstack.pas"/>
        <IsPartOfProject Value="True"/>
        <ComponentName Value="FLayerStack"/>
        <HasResources Value="True"/>
        <ResourceBaseClass Value="Form"/>
        <UnitName Value="ULayerstack"/>
        <WindowIndex Value="0"/>
        <TopLine Value="422"/>
        <CursorPos X="28" Y="427"/>
        <UsageCount Value="200"/>
      </Unit54>
      <Unit55>
        <Filename Value="C:\lazarus\lcl\include\customform.inc"/>
        <WindowIndex Value="0"/>
        <TopLine Value="3031"/>
        <CursorPos X="1" Y="3053"/>
        <UsageCount Value="1"/>
      </Unit55>
      <Unit56>
        <Filename Value="uvolatilescrollbar.pas"/>
        <IsPartOfProject Value="True"/>
        <UnitName Value="UVolatileScrollBar"/>
        <WindowIndex Value="0"/>
        <TopLine Value="20"/>
        <CursorPos X="27" Y="36"/>
        <UsageCount Value="201"/>
      </Unit56>
      <Unit57>
        <Filename Value="ublendop.pas"/>
        <IsPartOfProject Value="True"/>
        <ComponentName Value="FBlendOp"/>
        <HasResources Value="True"/>
        <ResourceBaseClass Value="Form"/>
        <UnitName Value="UBlendOp"/>
        <WindowIndex Value="0"/>
        <TopLine Value="172"/>
        <CursorPos X="53" Y="187"/>
        <UsageCount Value="231"/>
      </Unit57>
      <Unit58>
        <Filename Value="uimageobservation.pas"/>
        <IsPartOfProject Value="True"/>
        <UnitName Value="UImageObservation"/>
        <WindowIndex Value="0"/>
        <TopLine Value="49"/>
        <CursorPos X="5" Y="73"/>
        <UsageCount Value="200"/>
      </Unit58>
      <Unit59>
        <Filename Value="uloading.pas"/>
        <IsPartOfProject Value="True"/>
        <ComponentName Value="FLoading"/>
        <HasResources Value="True"/>
        <ResourceBaseClass Value="Form"/>
        <UnitName Value="ULoading"/>
        <WindowIndex Value="0"/>
        <TopLine Value="27"/>
        <CursorPos X="39" Y="39"/>
        <UsageCount Value="205"/>
      </Unit59>
      <Unit60>
        <Filename Value="..\bgrabitmap\bgrapolygonaliased.pas"/>
        <UnitName Value="BGRAPolygonAliased"/>
        <WindowIndex Value="0"/>
        <TopLine Value="819"/>
        <CursorPos X="23" Y="844"/>
        <UsageCount Value="38"/>
      </Unit60>
      <Unit61>
        <Filename Value="..\bgrabitmap\bgrastreamlayers.pas"/>
        <UnitName Value="BGRAStreamLayers"/>
        <WindowIndex Value="0"/>
        <TopLine Value="58"/>
        <CursorPos X="10" Y="63"/>
        <UsageCount Value="12"/>
      </Unit61>
      <Unit62>
        <Filename Value="D:\lazarus64\fpc\2.6.0\source\packages\paszlib\src\zstream.pp"/>
        <UnitName Value="zstream"/>
        <WindowIndex Value="0"/>
        <TopLine Value="13"/>
        <CursorPos X="9" Y="31"/>
        <UsageCount Value="3"/>
      </Unit62>
      <Unit63>
        <Filename Value="D:\lazarus64\lcl\graphics.pp"/>
        <UnitName Value="Graphics"/>
        <WindowIndex Value="0"/>
        <TopLine Value="2021"/>
        <CursorPos X="5" Y="2039"/>
        <UsageCount Value="2"/>
      </Unit63>
      <Unit64>
        <Filename Value="D:\lazarus64\lcl\forms.pp"/>
        <UnitName Value="Forms"/>
        <WindowIndex Value="0"/>
        <TopLine Value="1998"/>
        <CursorPos X="3" Y="2000"/>
        <UsageCount Value="4"/>
      </Unit64>
      <Unit65>
        <Filename Value="..\bgrabitmap\bgratext.pas"/>
        <UnitName Value="BGRAText"/>
        <WindowIndex Value="0"/>
        <TopLine Value="249"/>
        <CursorPos X="1" Y="250"/>
        <UsageCount Value="1"/>
      </Unit65>
      <Unit66>
        <Filename Value="D:\lazarus64\components\tachart\tabgrautils.pas"/>
        <UnitName Value="TABGRAUtils"/>
        <WindowIndex Value="0"/>
        <TopLine Value="138"/>
        <CursorPos X="51" Y="148"/>
        <UsageCount Value="10"/>
      </Unit66>
      <Unit67>
        <Filename Value="D:\lazarus64\fpc\2.6.0\source\packages\fcl-process\src\process.pp"/>
        <UnitName Value="process"/>
        <WindowIndex Value="0"/>
        <TopLine Value="127"/>
        <CursorPos X="14" Y="140"/>
        <UsageCount Value="3"/>
      </Unit67>
      <Unit68>
        <Filename Value="..\bgrabitmap\bgratextfx.pas"/>
        <UnitName Value="BGRATextFX"/>
        <WindowIndex Value="0"/>
        <TopLine Value="132"/>
        <CursorPos X="15" Y="136"/>
        <UsageCount Value="10"/>
      </Unit68>
      <Unit69>
        <Filename Value="D:\lazarus64\lcl\include\customedit.inc"/>
        <WindowIndex Value="0"/>
        <TopLine Value="518"/>
        <CursorPos X="1" Y="528"/>
        <UsageCount Value="1"/>
      </Unit69>
      <Unit70>
        <Filename Value="D:\lazarus64\lcl\include\spinedit.inc"/>
        <WindowIndex Value="0"/>
        <TopLine Value="200"/>
        <CursorPos X="1" Y="219"/>
        <UsageCount Value="8"/>
      </Unit70>
      <Unit71>
        <Filename Value="D:\lazarus64\lcl\include\control.inc"/>
        <WindowIndex Value="0"/>
        <TopLine Value="1083"/>
        <CursorPos X="1" Y="1102"/>
        <UsageCount Value="1"/>
      </Unit71>
      <Unit72>
        <Filename Value="D:\lazarus64\lcl\widgetset\wscontrols.pp"/>
        <UnitName Value="WSControls"/>
        <WindowIndex Value="0"/>
        <TopLine Value="249"/>
        <CursorPos X="1" Y="262"/>
        <UsageCount Value="10"/>
      </Unit72>
      <Unit73>
        <Filename Value="D:\lazarus64\lcl\lclmessageglue.pas"/>
        <UnitName Value="LCLMessageGlue"/>
        <WindowIndex Value="0"/>
        <TopLine Value="111"/>
        <CursorPos X="1" Y="128"/>
        <UsageCount Value="10"/>
      </Unit73>
      <Unit74>
        <Filename Value="D:\lazarus64\lcl\interfaces\win32\win32callback.inc"/>
        <WindowIndex Value="0"/>
        <TopLine Value="209"/>
        <CursorPos X="1" Y="222"/>
        <UsageCount Value="10"/>
      </Unit74>
      <Unit75>
        <Filename Value="D:\lazarus64\lcl\dialogs.pp"/>
        <UnitName Value="Dialogs"/>
        <WindowIndex Value="0"/>
        <TopLine Value="191"/>
        <CursorPos X="14" Y="207"/>
        <UsageCount Value="4"/>
      </Unit75>
      <Unit76>
        <Filename Value="ufilterconnector.pas"/>
        <IsPartOfProject Value="True"/>
        <UnitName Value="UFilterConnector"/>
        <WindowIndex Value="0"/>
        <TopLine Value="148"/>
        <CursorPos X="81" Y="167"/>
        <UsageCount Value="218"/>
      </Unit76>
      <Unit77>
        <Filename Value="D:\lazarus64\lcl\include\customform.inc"/>
        <WindowIndex Value="0"/>
        <TopLine Value="2162"/>
        <CursorPos X="20" Y="2163"/>
        <UsageCount Value="25"/>
      </Unit77>
      <Unit78>
        <Filename Value="..\bgrabitmap\phongdraw.inc"/>
        <WindowIndex Value="0"/>
        <TopLine Value="190"/>
        <CursorPos X="1" Y="209"/>
        <UsageCount Value="8"/>
      </Unit78>
      <Unit79>
        <Filename Value="..\bgrabitmap\bgrabitmappack.pas"/>
        <UnitName Value="BGRABitmapPack"/>
        <WindowIndex Value="0"/>
        <TopLine Value="1"/>
        <CursorPos X="1" Y="1"/>
        <UsageCount Value="3"/>
      </Unit79>
      <Unit80>
        <Filename Value="..\bgrabitmap\bgrapen.pas"/>
        <UnitName Value="BGRAPen"/>
        <WindowIndex Value="0"/>
        <TopLine Value="216"/>
        <CursorPos X="38" Y="231"/>
        <UsageCount Value="10"/>
      </Unit80>
      <Unit81>
        <Filename Value="..\bgrabitmap\renderdensity256.inc"/>
        <WindowIndex Value="0"/>
        <TopLine Value="1"/>
        <CursorPos X="1" Y="2"/>
        <UsageCount Value="3"/>
      </Unit81>
      <Unit82>
        <Filename Value="..\bgrabitmap\bgracanvas2d.pas"/>
        <UnitName Value="BGRACanvas2D"/>
        <WindowIndex Value="0"/>
        <TopLine Value="1254"/>
        <CursorPos X="3" Y="1259"/>
        <UsageCount Value="12"/>
      </Unit82>
      <Unit83>
        <Filename Value="..\..\bgracontrolssvn\bgraneobutton.pas"/>
        <UnitName Value="BGRANeoButton"/>
        <WindowIndex Value="0"/>
        <TopLine Value="340"/>
        <CursorPos X="66" Y="360"/>
        <UsageCount Value="3"/>
      </Unit83>
      <Unit84>
        <Filename Value="D:\lazarus64\lcl\controls.pp"/>
        <UnitName Value="Controls"/>
        <WindowIndex Value="0"/>
        <TopLine Value="200"/>
        <CursorPos X="3" Y="200"/>
        <UsageCount Value="11"/>
      </Unit84>
      <Unit85>
        <Filename Value="D:\lazarus64\fpc\2.6.0\source\rtl\objpas\classes\classesh.inc"/>
        <WindowIndex Value="0"/>
        <TopLine Value="567"/>
        <CursorPos X="15" Y="586"/>
        <UsageCount Value="10"/>
      </Unit85>
      <Unit86>
        <Filename Value="D:\lazarus64\lcl\lclversion.pas"/>
        <UnitName Value="LCLVersion"/>
        <WindowIndex Value="0"/>
        <TopLine Value="14"/>
        <CursorPos X="1" Y="43"/>
        <UsageCount Value="4"/>
      </Unit86>
      <Unit87>
        <Filename Value="..\bgrabitmap\bgrafreetype.pas"/>
        <UnitName Value="BGRAFreeType"/>
        <WindowIndex Value="0"/>
        <TopLine Value="1"/>
        <CursorPos X="1" Y="1"/>
        <UsageCount Value="12"/>
      </Unit87>
      <Unit88>
        <Filename Value="D:\lazarus64\components\lazutils\easylazfreetype.pas"/>
        <UnitName Value="EasyLazFreeType"/>
        <WindowIndex Value="0"/>
        <TopLine Value="16"/>
        <CursorPos X="82" Y="30"/>
        <UsageCount Value="3"/>
      </Unit88>
      <Unit89>
        <Filename Value="..\bgrabitmap\bgrasse.pas"/>
        <UnitName Value="BGRASSE"/>
        <WindowIndex Value="0"/>
        <TopLine Value="1"/>
        <CursorPos X="17" Y="16"/>
        <UsageCount Value="3"/>
      </Unit89>
      <Unit90>
        <Filename Value="..\..\lnet0.6.5\lnet\lib\lhttp.pp"/>
        <UnitName Value="lhttp"/>
        <WindowIndex Value="0"/>
        <TopLine Value="990"/>
        <CursorPos X="25" Y="1020"/>
        <UsageCount Value="6"/>
      </Unit90>
      <Unit91>
        <Filename Value="D:\lazarus64\components\lazutils\ttinterp.pas"/>
        <UnitName Value="TTInterp"/>
        <WindowIndex Value="0"/>
        <TopLine Value="726"/>
        <CursorPos X="23" Y="736"/>
        <UsageCount Value="10"/>
      </Unit91>
      <Unit92>
        <Filename Value="..\bgrabitmap\bgratransform.pas"/>
        <UnitName Value="BGRATransform"/>
        <WindowIndex Value="0"/>
        <TopLine Value="236"/>
        <CursorPos X="3" Y="254"/>
        <UsageCount Value="10"/>
      </Unit92>
      <Unit93>
        <Filename Value="D:\lazarus64\lcl\lcltype.pp"/>
        <UnitName Value="LCLType"/>
        <WindowIndex Value="0"/>
        <TopLine Value="1054"/>
        <CursorPos X="5" Y="1072"/>
        <UsageCount Value="3"/>
      </Unit93>
      <Unit94>
        <Filename Value="D:\lazarus64\fpc\2.6.0\source\rtl\inc\objpash.inc"/>
        <WindowIndex Value="0"/>
        <TopLine Value="53"/>
        <CursorPos X="8" Y="71"/>
        <UsageCount Value="11"/>
      </Unit94>
      <Unit95>
        <Filename Value="uzoom.pas"/>
        <IsPartOfProject Value="True"/>
        <UnitName Value="UZoom"/>
        <WindowIndex Value="0"/>
        <TopLine Value="1"/>
        <CursorPos X="1" Y="1"/>
        <UsageCount Value="173"/>
      </Unit95>
      <Unit96>
        <Filename Value="ufilters.pas"/>
        <IsPartOfProject Value="True"/>
        <UnitName Value="UFilters"/>
        <WindowIndex Value="0"/>
        <TopLine Value="20"/>
        <CursorPos X="9" Y="32"/>
        <UsageCount Value="170"/>
      </Unit96>
      <Unit97>
        <Filename Value="uimageaction.pas"/>
        <IsPartOfProject Value="True"/>
        <UnitName Value="UImageAction"/>
        <WindowIndex Value="0"/>
        <TopLine Value="638"/>
        <CursorPos X="40" Y="648"/>
        <UsageCount Value="168"/>
      </Unit97>
      <Unit98>
        <Filename Value="uloadimage.pas"/>
        <IsPartOfProject Value="True"/>
        <UnitName Value="ULoadImage"/>
        <WindowIndex Value="0"/>
        <TopLine Value="75"/>
        <CursorPos X="27" Y="88"/>
        <UsageCount Value="167"/>
      </Unit98>
      <Unit99>
        <Filename Value="D:\lazarus64\components\lazutils\fileutil.pas"/>
        <UnitName Value="FileUtil"/>
        <WindowIndex Value="0"/>
        <TopLine Value="172"/>
        <CursorPos X="10" Y="190"/>
        <UsageCount Value="4"/>
      </Unit99>
      <Unit100>
        <Filename Value="D:\lazarus64\lcl\actnlist.pas"/>
        <UnitName Value="ActnList"/>
        <WindowIndex Value="0"/>
        <TopLine Value="226"/>
        <CursorPos X="14" Y="244"/>
        <UsageCount Value="1"/>
      </Unit100>
      <Unit101>
        <Filename Value="D:\lazarus64\lcl\include\customactionlist.inc"/>
        <WindowIndex Value="0"/>
        <TopLine Value="183"/>
        <CursorPos X="3" Y="188"/>
        <UsageCount Value="10"/>
      </Unit101>
      <Unit102>
        <Filename Value="D:\lazarus64\lcl\menus.pp"/>
        <UnitName Value="Menus"/>
        <WindowIndex Value="0"/>
        <TopLine Value="530"/>
        <CursorPos X="3" Y="534"/>
        <UsageCount Value="10"/>
      </Unit102>
      <Unit103>
        <Filename Value="D:\lazarus64\lcl\translations.pas"/>
        <UnitName Value="Translations"/>
        <WindowIndex Value="0"/>
        <TopLine Value="525"/>
        <CursorPos X="3" Y="529"/>
        <UsageCount Value="4"/>
      </Unit103>
      <Unit104>
        <Filename Value="D:\lazarus64\fpc\2.6.0\source\packages\fcl-base\src\inifiles.pp"/>
        <UnitName Value="IniFiles"/>
        <WindowIndex Value="0"/>
        <TopLine Value="818"/>
        <CursorPos X="3" Y="824"/>
        <UsageCount Value="10"/>
      </Unit104>
      <Unit105>
        <Filename Value="uimagediff.pas"/>
        <IsPartOfProject Value="True"/>
        <UnitName Value="UImageDiff"/>
        <WindowIndex Value="0"/>
        <TopLine Value="24"/>
        <CursorPos X="46" Y="37"/>
        <UsageCount Value="154"/>
      </Unit105>
      <Unit106>
        <Filename Value="D:\lazarus64\fpc\2.6.0\source\rtl\inc\systemh.inc"/>
        <WindowIndex Value="0"/>
        <TopLine Value="921"/>
        <CursorPos X="11" Y="939"/>
        <UsageCount Value="11"/>
      </Unit106>
      <Unit107>
        <Filename Value="usharpen.pas"/>
        <IsPartOfProject Value="True"/>
        <ComponentName Value="FSharpen"/>
        <HasResources Value="True"/>
        <ResourceBaseClass Value="Form"/>
        <UnitName Value="USharpen"/>
        <WindowIndex Value="0"/>
        <TopLine Value="85"/>
        <CursorPos X="43" Y="113"/>
        <UsageCount Value="137"/>
      </Unit107>
      <Unit108>
        <Filename Value="uphongfilter.pas"/>
        <IsPartOfProject Value="True"/>
        <ComponentName Value="FPhongFilter"/>
        <HasResources Value="True"/>
        <ResourceBaseClass Value="Form"/>
        <UnitName Value="UPhongFilter"/>
        <WindowIndex Value="0"/>
        <TopLine Value="275"/>
        <CursorPos X="53" Y="282"/>
        <UsageCount Value="121"/>
      </Unit108>
      <Unit109>
        <Filename Value="D:\lazarus64\lcl\interfaces\win32\interfaces.pp"/>
        <UnitName Value="Interfaces"/>
        <WindowIndex Value="0"/>
        <TopLine Value="9"/>
        <CursorPos X="1" Y="37"/>
        <UsageCount Value="2"/>
      </Unit109>
      <Unit110>
        <Filename Value="D:\lazarus64\lcl\lclproc.pas"/>
        <UnitName Value="LCLProc"/>
        <WindowIndex Value="0"/>
        <TopLine Value="383"/>
        <CursorPos X="11" Y="401"/>
        <UsageCount Value="6"/>
      </Unit110>
      <Unit111>
        <Filename Value="ufilterfunction.pas"/>
        <IsPartOfProject Value="True"/>
        <ComponentName Value="FFilterFunction"/>
        <HasResources Value="True"/>
        <ResourceBaseClass Value="Form"/>
        <UnitName Value="UFilterFunction"/>
        <WindowIndex Value="0"/>
        <TopLine Value="354"/>
        <CursorPos X="104" Y="372"/>
        <UsageCount Value="115"/>
      </Unit111>
      <Unit112>
        <Filename Value="D:\lazarus64\fpc\2.6.0\source\packages\fcl-base\src\fpexprpars.pp"/>
        <UnitName Value="fpexprpars"/>
        <WindowIndex Value="0"/>
        <TopLine Value="66"/>
        <CursorPos X="65" Y="84"/>
        <UsageCount Value="4"/>
      </Unit112>
      <Unit113>
        <Filename Value="D:\lazarus64\fpc\2.6.0\source\packages\fcl-base\src\contnrs.pp"/>
        <UnitName Value="contnrs"/>
        <WindowIndex Value="0"/>
        <TopLine Value="1841"/>
        <CursorPos X="3" Y="1844"/>
        <UsageCount Value="3"/>
      </Unit113>
      <Unit114>
        <Filename Value="D:\lazarus64\fpc\2.6.0\source\rtl\objpas\sysutils\sysinth.inc"/>
        <WindowIndex Value="0"/>
        <TopLine Value="45"/>
        <CursorPos X="3" Y="57"/>
        <UsageCount Value="3"/>
      </Unit114>
      <Unit115>
        <Filename Value="..\bgrabitmap\blurnormal.inc"/>
        <WindowIndex Value="0"/>
        <TopLine Value="55"/>
        <CursorPos X="50" Y="65"/>
        <UsageCount Value="10"/>
      </Unit115>
      <Unit116>
        <Filename Value="..\bgrabitmap\blurfast.inc"/>
        <WindowIndex Value="0"/>
        <TopLine Value="1"/>
        <CursorPos X="20" Y="1"/>
        <UsageCount Value="8"/>
      </Unit116>
      <Unit117>
        <Filename Value="D:\lazarus64\fpc\2.6.0\source\rtl\win\tthread.inc"/>
        <WindowIndex Value="0"/>
        <TopLine Value="91"/>
        <CursorPos X="3" Y="95"/>
        <UsageCount Value="4"/>
      </Unit117>
      <Unit118>
        <Filename Value="D:\lazarus64\fpc\2.6.0\source\rtl\objpas\classes\classes.inc"/>
        <WindowIndex Value="0"/>
        <TopLine Value="113"/>
        <CursorPos X="3" Y="115"/>
        <UsageCount Value="4"/>
      </Unit118>
      <Unit119>
        <Filename Value="ufilterthread.pas"/>
        <IsPartOfProject Value="True"/>
        <UnitName Value="UFilterThread"/>
        <WindowIndex Value="0"/>
        <TopLine Value="1"/>
        <CursorPos X="46" Y="8"/>
        <UsageCount Value="90"/>
      </Unit119>
      <Unit120>
        <Filename Value="utranslation.pas"/>
        <IsPartOfProject Value="True"/>
        <UnitName Value="UTranslation"/>
        <WindowIndex Value="0"/>
        <TopLine Value="91"/>
        <CursorPos X="22" Y="118"/>
        <UsageCount Value="84"/>
      </Unit120>
      <Unit121>
        <Filename Value="uonline.pas"/>
        <IsPartOfProject Value="True"/>
        <UnitName Value="UOnline"/>
        <WindowIndex Value="0"/>
        <TopLine Value="1"/>
        <CursorPos X="1" Y="131"/>
        <UsageCount Value="84"/>
      </Unit121>
      <Unit122>
        <Filename Value="D:\lazarus64\lcl\lclintf.pas"/>
        <UnitName Value="LCLIntf"/>
        <WindowIndex Value="0"/>
        <TopLine Value="65"/>
        <CursorPos X="10" Y="83"/>
        <UsageCount Value="5"/>
      </Unit122>
      <Unit123>
        <Filename Value="D:\lazarus64\lcl\lresources.pp"/>
        <UnitName Value="LResources"/>
        <WindowIndex Value="0"/>
        <TopLine Value="94"/>
        <CursorPos X="5" Y="112"/>
        <UsageCount Value="4"/>
      </Unit123>
      <Unit124>
        <Filename Value="D:\lazarus64\lcl\defaulttranslator.pas"/>
        <UnitName Value="DefaultTranslator"/>
        <WindowIndex Value="0"/>
        <TopLine Value="387"/>
        <CursorPos X="3" Y="389"/>
        <UsageCount Value="4"/>
      </Unit124>
      <Unit125>
        <Filename Value="..\..\lnet0.6.5\lnet\lazaruspackage\lnetcomponents.pas"/>
        <UnitName Value="lNetComponents"/>
        <WindowIndex Value="0"/>
        <TopLine Value="115"/>
        <CursorPos X="3" Y="133"/>
        <UsageCount Value="6"/>
      </Unit125>
      <Unit126>
        <Filename Value="D:\lazarus64\fpc\2.6.0\source\rtl\objpas\classes\stringl.inc"/>
        <WindowIndex Value="0"/>
        <TopLine Value="861"/>
        <CursorPos X="3" Y="866"/>
        <UsageCount Value="6"/>
      </Unit126>
      <Unit127>
        <Filename Value="D:\lazarus64\components\lazutils\fileutil.inc"/>
        <WindowIndex Value="0"/>
        <TopLine Value="1516"/>
        <CursorPos X="3" Y="1525"/>
        <UsageCount Value="4"/>
      </Unit127>
      <Unit128>
        <Filename Value="..\..\lnet0.6.5\lnet\lib\lnetssl.pp"/>
        <UnitName Value="lNetSSL"/>
        <WindowIndex Value="0"/>
        <TopLine Value="1"/>
        <CursorPos X="3" Y="19"/>
        <UsageCount Value="4"/>
      </Unit128>
      <Unit129>
        <Filename Value="..\bgrabitmap\phongdrawsse.inc"/>
        <WindowIndex Value="0"/>
        <TopLine Value="1"/>
        <CursorPos X="44" Y="5"/>
        <UsageCount Value="8"/>
      </Unit129>
      <Unit130>
        <Filename Value="..\bgrabitmap\bgravectorize.pas"/>
        <UnitName Value="BGRAVectorize"/>
        <WindowIndex Value="0"/>
        <TopLine Value="1425"/>
        <CursorPos X="11" Y="1455"/>
        <UsageCount Value="12"/>
      </Unit130>
      <Unit131>
        <Filename Value="..\bgrabitmap\bgratypewriter.pas"/>
        <UnitName Value="BGRATypewriter"/>
        <WindowIndex Value="0"/>
        <TopLine Value="184"/>
        <CursorPos X="24" Y="209"/>
        <UsageCount Value="12"/>
      </Unit131>
      <Unit132>
        <Filename Value="..\bgrabitmap\bgrapath.pas"/>
        <UnitName Value="BGRAPath"/>
        <WindowIndex Value="0"/>
        <TopLine Value="73"/>
        <CursorPos X="1" Y="87"/>
        <UsageCount Value="12"/>
      </Unit132>
      <Unit133>
        <Filename Value="..\bgrabitmap\winstream.inc"/>
        <WindowIndex Value="0"/>
        <TopLine Value="17"/>
        <CursorPos X="10" Y="53"/>
        <UsageCount Value="11"/>
      </Unit133>
      <Unit134>
        <Filename Value="D:\lazarus64\fpc\2.6.0\source\rtl\win\keyboard.pp"/>
        <UnitName Value="Keyboard"/>
        <WindowIndex Value="0"/>
        <TopLine Value="73"/>
        <CursorPos X="1" Y="73"/>
        <UsageCount Value="11"/>
      </Unit134>
    </Units>
    <JumpHistory Count="2" HistoryIndex="1">
      <Position1>
        <Filename Value="lazpainttype.pas"/>
        <Caret Line="42" Column="12" TopLine="24"/>
      </Position1>
      <Position2>
        <Filename Value="lazpainttype.pas"/>
        <Caret Line="12" Column="36" TopLine="1"/>
      </Position2>
    </JumpHistory>
  </ProjectOptions>
  <CompilerOptions>
    <Version Value="11"/>
    <PathDelim Value="\"/>
    <SearchPaths>
      <IncludeFiles Value="$(ProjOutDir)"/>
      <OtherUnitFiles Value="buttons;test_embedded"/>
      <UnitOutputDirectory Value="debug\$(TargetCPU)-$(TargetOS)"/>
    </SearchPaths>
    <CodeGeneration>
      <Optimizations>
        <OptimizationLevel Value="0"/>
      </Optimizations>
    </CodeGeneration>
    <Linking>
      <Debugging>
        <DebugInfoType Value="dsStabs"/>
        <UseHeaptrc Value="True"/>
      </Debugging>
      <Options>
        <Win32>
          <GraphicApplication Value="True"/>
        </Win32>
      </Options>
    </Linking>
    <Other>
      <CompilerMessages>
        <UseMsgFile Value="True"/>
      </CompilerMessages>
      <CompilerPath Value="$(CompPath)"/>
    </Other>
  </CompilerOptions>
  <Debugging>
    <Watches Count="1">
      <Item1>
        <Expression Value="GetActualConfig"/>
      </Item1>
    </Watches>
    <Exceptions Count="8">
      <Item1>
        <Name Value="EAbort"/>
      </Item1>
      <Item2>
        <Name Value="ECodetoolError"/>
      </Item2>
      <Item3>
        <Name Value="EFOpenError"/>
      </Item3>
      <Item4>
        <Name Value="Exception"/>
      </Item4>
      <Item5>
        <Name Value="PNGImageException"/>
      </Item5>
      <Item6>
        <Name Value="EInvalidGraphic"/>
      </Item6>
      <Item7>
        <Name Value="EExprParser"/>
      </Item7>
      <Item8>
        <Name Value="EExprScanner"/>
      </Item8>
    </Exceptions>
  </Debugging>
  <EditorMacros Count="0"/>
</CONFIG>
